{
  "version": 4,
  "terraform_version": "1.10.2",
  "serial": 111,
  "lineage": "8c70e830-91f9-66cc-8752-3deab5c72bad",
  "outputs": {},
  "resources": [
    {
      "mode": "data",
      "type": "template_file",
      "name": "network_config",
      "provider": "provider[\"registry.terraform.io/hashicorp/template\"]",
      "instances": [
        {
          "schema_version": 0,
          "attributes": {
            "filename": null,
            "id": "bcfb7206d4010e07ad6c96e98f4bc3a12b6b3cc1eb45e32b7da63bc0a848c529",
            "rendered": "version: 2\nethernets:\n  ens3:\n    dhcp4: true",
            "template": "version: 2\nethernets:\n  ens3:\n    dhcp4: true",
            "vars": null
          },
          "sensitive_attributes": []
        }
      ]
    },
    {
      "mode": "data",
      "type": "template_file",
      "name": "user_data",
      "provider": "provider[\"registry.terraform.io/hashicorp/template\"]",
      "instances": [
        {
          "schema_version": 0,
          "attributes": {
            "filename": null,
            "id": "112d27bc43da9b35c904a36eb11432a7075f172c9d6256c176c5b6074761654b",
            "rendered": "#cloud-config\n# vim: syntax=yaml\n#\n# ***********************\n# \t---- for more examples look at: ------\n# ---\u003e https://cloudinit.readthedocs.io/en/latest/topics/examples.html\n# ******************************\n#\n# This is the configuration syntax that the write_files module\n# will know how to understand. encoding can be given b64 or gzip or (gz+b64).\n# The content will be decoded accordingly and then written to the path that is\n# provided.\n#\n# Note: Content strings here are truncated for example purposes.\nssh_pwauth: True\nchpasswd:\n  list: |\n     root:rtlry\n  expire: False",
            "template": "#cloud-config\n# vim: syntax=yaml\n#\n# ***********************\n# \t---- for more examples look at: ------\n# ---\u003e https://cloudinit.readthedocs.io/en/latest/topics/examples.html\n# ******************************\n#\n# This is the configuration syntax that the write_files module\n# will know how to understand. encoding can be given b64 or gzip or (gz+b64).\n# The content will be decoded accordingly and then written to the path that is\n# provided.\n#\n# Note: Content strings here are truncated for example purposes.\nssh_pwauth: True\nchpasswd:\n  list: |\n     root:rtlry\n  expire: False",
            "vars": null
          },
          "sensitive_attributes": []
        }
      ]
    },
    {
      "mode": "managed",
      "type": "libvirt_cloudinit_disk",
      "name": "commoninit",
      "provider": "provider[\"registry.terraform.io/dmacvicar/libvirt\"]",
      "instances": [
        {
          "schema_version": 0,
          "attributes": {
            "id": "/tmp/terraform-provider-libvirt-pool-ubuntu/commoninit.iso;741613d5-0136-493c-9ec8-777fadaa9114",
            "meta_data": "",
            "name": "commoninit.iso",
            "network_config": "version: 2\nethernets:\n  ens3:\n    dhcp4: true",
            "pool": "ubuntu",
            "user_data": "#cloud-config\n# vim: syntax=yaml\n#\n# ***********************\n# \t---- for more examples look at: ------\n# ---\u003e https://cloudinit.readthedocs.io/en/latest/topics/examples.html\n# ******************************\n#\n# This is the configuration syntax that the write_files module\n# will know how to understand. encoding can be given b64 or gzip or (gz+b64).\n# The content will be decoded accordingly and then written to the path that is\n# provided.\n#\n# Note: Content strings here are truncated for example purposes.\nssh_pwauth: True\nchpasswd:\n  list: |\n     root:rtlry\n  expire: False"
          },
          "sensitive_attributes": [],
          "private": "bnVsbA==",
          "dependencies": [
            "data.template_file.network_config",
            "data.template_file.user_data",
            "libvirt_pool.ubuntu"
          ]
        }
      ]
    },
    {
      "mode": "managed",
      "type": "libvirt_domain",
      "name": "domain-ubuntu",
      "provider": "provider[\"registry.terraform.io/dmacvicar/libvirt\"]",
      "instances": [
        {
          "schema_version": 0,
          "attributes": {
            "arch": "x86_64",
            "autostart": false,
            "boot_device": [],
            "cloudinit": "/tmp/terraform-provider-libvirt-pool-ubuntu/commoninit.iso;741613d5-0136-493c-9ec8-777fadaa9114",
            "cmdline": null,
            "console": [
              {
                "source_host": "127.0.0.1",
                "source_path": "",
                "source_service": "0",
                "target_port": "0",
                "target_type": "serial",
                "type": "pty"
              },
              {
                "source_host": "127.0.0.1",
                "source_path": "",
                "source_service": "0",
                "target_port": "1",
                "target_type": "virtio",
                "type": "tcp"
              }
            ],
            "coreos_ignition": null,
            "cpu": [
              {
                "mode": "custom"
              }
            ],
            "description": "",
            "disk": [
              {
                "block_device": "",
                "file": "",
                "scsi": false,
                "url": "",
                "volume_id": "/tmp/terraform-provider-libvirt-pool-ubuntu/ubuntu-qcow2",
                "wwn": ""
              }
            ],
            "emulator": "/usr/bin/qemu-system-x86_64",
            "filesystem": [],
            "firmware": null,
            "fw_cfg_name": "opt/com.coreos/config",
            "graphics": [
              {
                "autoport": true,
                "listen_address": "127.0.0.1",
                "listen_type": "address",
                "type": "spice",
                "websocket": 0
              }
            ],
            "id": "fc6cf6e1-9157-4f50-8801-1dc57db4cbc1",
            "initrd": "",
            "kernel": "",
            "machine": "ubuntu",
            "memory": 512,
            "metadata": null,
            "name": "ubuntu-terraform",
            "network_interface": [
              {
                "addresses": [],
                "bridge": "",
                "hostname": "",
                "mac": "52:54:00:8E:76:18",
                "macvtap": "",
                "network_id": "cd25c143-4cd6-4f3e-a516-630e0ba19ef6",
                "network_name": "default",
                "passthrough": "",
                "vepa": "",
                "wait_for_lease": false
              }
            ],
            "nvram": [],
            "qemu_agent": false,
            "running": true,
            "timeouts": null,
            "tpm": [],
            "vcpu": 1,
            "video": [],
            "xml": []
          },
          "sensitive_attributes": [],
          "private": "eyJlMmJmYjczMC1lY2FhLTExZTYtOGY4OC0zNDM2M2JjN2M0YzAiOnsiY3JlYXRlIjozMDAwMDAwMDAwMDB9fQ==",
          "dependencies": [
            "data.template_file.network_config",
            "data.template_file.user_data",
            "libvirt_cloudinit_disk.commoninit",
            "libvirt_pool.ubuntu",
            "libvirt_volume.ubuntu-qcow2"
          ]
        }
      ]
    },
    {
      "mode": "managed",
      "type": "libvirt_pool",
      "name": "ubuntu",
      "provider": "provider[\"registry.terraform.io/dmacvicar/libvirt\"]",
      "instances": [
        {
          "schema_version": 0,
          "attributes": {
            "allocation": 133292691456,
            "available": 355814387712,
            "capacity": 489107079168,
            "id": "0dd163cd-fcf9-4b7b-b70c-8adb11e2132f",
            "name": "ubuntu",
            "path": "/tmp/terraform-provider-libvirt-pool-ubuntu",
            "type": "dir",
            "xml": []
          },
          "sensitive_attributes": [],
          "private": "bnVsbA=="
        }
      ]
    },
    {
      "mode": "managed",
      "type": "libvirt_volume",
      "name": "ubuntu-qcow2",
      "provider": "provider[\"registry.terraform.io/dmacvicar/libvirt\"]",
      "instances": [
        {
          "schema_version": 0,
          "attributes": {
            "base_volume_id": null,
            "base_volume_name": null,
            "base_volume_pool": null,
            "format": "qcow2",
            "id": "/tmp/terraform-provider-libvirt-pool-ubuntu/ubuntu-qcow2",
            "name": "ubuntu-qcow2",
            "pool": "ubuntu",
            "size": 2361393152,
            "source": "https://cloud-images.ubuntu.com/releases/xenial/release/ubuntu-16.04-server-cloudimg-amd64-disk1.img",
            "xml": []
          },
          "sensitive_attributes": [],
          "private": "bnVsbA==",
          "dependencies": [
            "libvirt_pool.ubuntu"
          ]
        }
      ]
    }
  ],
  "check_results": null
}
