{
  "version": 4,
  "terraform_version": "1.10.2",
  "serial": 71,
  "lineage": "73b1c470-14ed-0d60-9728-36363ee41768",
  "outputs": {},
  "resources": [
    {
      "mode": "managed",
      "type": "libvirt_network",
      "name": "vm_network",
      "provider": "provider[\"registry.terraform.io/dmacvicar/libvirt\"]",
      "instances": [
        {
          "schema_version": 0,
          "attributes": {
            "addresses": [
              "10.0.1.0/24"
            ],
            "autostart": false,
            "bridge": "virbr1",
            "dhcp": [
              {
                "enabled": false
              }
            ],
            "dns": null,
            "dnsmasq_options": [],
            "domain": null,
            "id": "639fc164-56e5-463c-b5eb-0453a6f34f33",
            "mode": "nat",
            "mtu": null,
            "name": "vm_network",
            "routes": [],
            "xml": []
          },
          "sensitive_attributes": [],
          "private": "bnVsbA=="
        }
      ]
    },
    {
      "module": "module.instance1",
      "mode": "data",
      "type": "template_file",
      "name": "user_data",
      "provider": "provider[\"registry.terraform.io/hashicorp/template\"]",
      "instances": [
        {
          "schema_version": 0,
          "attributes": {
            "filename": null,
            "id": "f18d8ee1e4af5e94accb97dd052f0acae994e187ee4629d05086d582e46fb969",
            "rendered": "#cloud-config\nhostname: crossland\nfqdn: cross.land\nusers:\n  - name: cross\n    sudo: ALL=(ALL) NOPASSWD:ALL\n    groups: users, admin\n    home: /home/cross\n    shell: /bin/bash\n    lock_passwd: false\n    ssh-authorized-keys:\n      - ssh-rsa AAAAB3NzaC1yc2EAAAADAQABAAACAQCysqqyHSVnKSoyqAI/HtLuaiE9Fcr8jmBJO+C9xinWfE7rOGdjTHjGntYVSZ12r9BaoTayKRS1aMisOdbLFDDU9D3+NZ+XvpLjWYhGJmwciKRetJcci/AzCIfPnDbF7nP38gytFzFtbnijn86eBtctPWM6+5Nar1C7GkqmIzToW02dAPlFjhPr9pV0XHUbfmLIap7f15M+1PsBszHd2mUaZuSS4sfML9WjxdzcG1CtuLaQ88UMK3+F5YATwrZWwgn4Qk0P+0HBljWeywjvc0ZkeLndxw67embK/nzDAUy+kHjBoiybaTC/zcGBJ9KlX5ui4zYo254ibLBMu/t0xf1GEZiWXs3fG6s1WHnviU+LIp24910fUXDnCnOzFJ2SRZA5PfVChFHTCB5+N3nslucjHzUDSM1f/1byqzwZwG/6ye3aCZ3UUkF3Q4WfF1nQQ9ET1HuhlpXZgQlfdq14f+4NbNMWpwORWVNfbt/pwQce/bQiBdibwOW2VQqh0OoAhcGHuJFExQ3LBaJzYtpG0ZDq7h0nJqnd1WBcCALTyiNsaHfm3YCMDMw7mxUBJPBahfVrveCYGkFUYrTlpVoUUhOotAnMKxFBfO/jZslzxWTdUnd3eScRcEmTA5LOhhDgY94WN+fEFa82kg4u1KxvjEA7XNPaBQw/cOEVn+iE82KuBw== cross@zenbook\nssh_pwauth: true\nchpasswd:\n  list: |\n     cross:caca\n  expire: False\n",
            "template": "#cloud-config\nhostname: crossland\nfqdn: cross.land\nusers:\n  - name: cross\n    sudo: ALL=(ALL) NOPASSWD:ALL\n    groups: users, admin\n    home: /home/cross\n    shell: /bin/bash\n    lock_passwd: false\n    ssh-authorized-keys:\n      - ssh-rsa AAAAB3NzaC1yc2EAAAADAQABAAACAQCysqqyHSVnKSoyqAI/HtLuaiE9Fcr8jmBJO+C9xinWfE7rOGdjTHjGntYVSZ12r9BaoTayKRS1aMisOdbLFDDU9D3+NZ+XvpLjWYhGJmwciKRetJcci/AzCIfPnDbF7nP38gytFzFtbnijn86eBtctPWM6+5Nar1C7GkqmIzToW02dAPlFjhPr9pV0XHUbfmLIap7f15M+1PsBszHd2mUaZuSS4sfML9WjxdzcG1CtuLaQ88UMK3+F5YATwrZWwgn4Qk0P+0HBljWeywjvc0ZkeLndxw67embK/nzDAUy+kHjBoiybaTC/zcGBJ9KlX5ui4zYo254ibLBMu/t0xf1GEZiWXs3fG6s1WHnviU+LIp24910fUXDnCnOzFJ2SRZA5PfVChFHTCB5+N3nslucjHzUDSM1f/1byqzwZwG/6ye3aCZ3UUkF3Q4WfF1nQQ9ET1HuhlpXZgQlfdq14f+4NbNMWpwORWVNfbt/pwQce/bQiBdibwOW2VQqh0OoAhcGHuJFExQ3LBaJzYtpG0ZDq7h0nJqnd1WBcCALTyiNsaHfm3YCMDMw7mxUBJPBahfVrveCYGkFUYrTlpVoUUhOotAnMKxFBfO/jZslzxWTdUnd3eScRcEmTA5LOhhDgY94WN+fEFa82kg4u1KxvjEA7XNPaBQw/cOEVn+iE82KuBw== cross@zenbook\nssh_pwauth: true\nchpasswd:\n  list: |\n     cross:caca\n  expire: False\n",
            "vars": null
          },
          "sensitive_attributes": []
        }
      ]
    },
    {
      "module": "module.instance1",
      "mode": "managed",
      "type": "libvirt_cloudinit_disk",
      "name": "commoninit",
      "provider": "module.instance1.provider[\"registry.terraform.io/dmacvicar/libvirt\"]",
      "instances": [
        {
          "schema_version": 0,
          "attributes": {
            "id": "/var/lib/libvirt/images/commoninit-instance1.iso;683bbea3-fb5c-46b9-9c1e-20c72874be35",
            "meta_data": "",
            "name": "commoninit-instance1.iso",
            "network_config": "",
            "pool": "default",
            "user_data": "#cloud-config\nhostname: crossland\nfqdn: cross.land\nusers:\n  - name: cross\n    sudo: ALL=(ALL) NOPASSWD:ALL\n    groups: users, admin\n    home: /home/cross\n    shell: /bin/bash\n    lock_passwd: false\n    ssh-authorized-keys:\n      - ssh-rsa AAAAB3NzaC1yc2EAAAADAQABAAACAQCysqqyHSVnKSoyqAI/HtLuaiE9Fcr8jmBJO+C9xinWfE7rOGdjTHjGntYVSZ12r9BaoTayKRS1aMisOdbLFDDU9D3+NZ+XvpLjWYhGJmwciKRetJcci/AzCIfPnDbF7nP38gytFzFtbnijn86eBtctPWM6+5Nar1C7GkqmIzToW02dAPlFjhPr9pV0XHUbfmLIap7f15M+1PsBszHd2mUaZuSS4sfML9WjxdzcG1CtuLaQ88UMK3+F5YATwrZWwgn4Qk0P+0HBljWeywjvc0ZkeLndxw67embK/nzDAUy+kHjBoiybaTC/zcGBJ9KlX5ui4zYo254ibLBMu/t0xf1GEZiWXs3fG6s1WHnviU+LIp24910fUXDnCnOzFJ2SRZA5PfVChFHTCB5+N3nslucjHzUDSM1f/1byqzwZwG/6ye3aCZ3UUkF3Q4WfF1nQQ9ET1HuhlpXZgQlfdq14f+4NbNMWpwORWVNfbt/pwQce/bQiBdibwOW2VQqh0OoAhcGHuJFExQ3LBaJzYtpG0ZDq7h0nJqnd1WBcCALTyiNsaHfm3YCMDMw7mxUBJPBahfVrveCYGkFUYrTlpVoUUhOotAnMKxFBfO/jZslzxWTdUnd3eScRcEmTA5LOhhDgY94WN+fEFa82kg4u1KxvjEA7XNPaBQw/cOEVn+iE82KuBw== cross@zenbook\nssh_pwauth: true\nchpasswd:\n  list: |\n     cross:caca\n  expire: False\n"
          },
          "sensitive_attributes": [],
          "private": "bnVsbA==",
          "dependencies": [
            "module.instance1.data.template_file.user_data"
          ]
        }
      ]
    },
    {
      "module": "module.instance1",
      "mode": "managed",
      "type": "libvirt_domain",
      "name": "instance",
      "provider": "module.instance1.provider[\"registry.terraform.io/dmacvicar/libvirt\"]",
      "instances": [
        {
          "schema_version": 0,
          "attributes": {
            "arch": "x86_64",
            "autostart": false,
            "boot_device": [],
            "cloudinit": "/var/lib/libvirt/images/commoninit-instance1.iso;683bbea3-fb5c-46b9-9c1e-20c72874be35",
            "cmdline": null,
            "console": [
              {
                "source_host": "127.0.0.1",
                "source_path": "",
                "source_service": "0",
                "target_port": "0",
                "target_type": "serial",
                "type": "pty"
              }
            ],
            "coreos_ignition": null,
            "cpu": [
              {
                "mode": "custom"
              }
            ],
            "description": "",
            "disk": [
              {
                "block_device": "",
                "file": "",
                "scsi": false,
                "url": "",
                "volume_id": "/var/lib/libvirt/images/ubuntu-instance1.qcow2",
                "wwn": ""
              }
            ],
            "emulator": "/usr/bin/qemu-system-x86_64",
            "filesystem": [],
            "firmware": null,
            "fw_cfg_name": "opt/com.coreos/config",
            "graphics": [
              {
                "autoport": true,
                "listen_address": "127.0.0.1",
                "listen_type": "address",
                "type": "spice",
                "websocket": 0
              }
            ],
            "id": "8aef9f1b-6651-4e86-a2d9-d5329d829a1d",
            "initrd": "",
            "kernel": "",
            "machine": "ubuntu",
            "memory": 1024,
            "metadata": null,
            "name": "instance1",
            "network_interface": [
              {
                "addresses": [
                  "192.168.122.57"
                ],
                "bridge": "",
                "hostname": "",
                "mac": "52:54:00:1E:07:08",
                "macvtap": "",
                "network_id": "cd25c143-4cd6-4f3e-a516-630e0ba19ef6",
                "network_name": "default",
                "passthrough": "",
                "vepa": "",
                "wait_for_lease": true
              }
            ],
            "nvram": [],
            "qemu_agent": false,
            "running": true,
            "timeouts": null,
            "tpm": [],
            "vcpu": 1,
            "video": [],
            "xml": []
          },
          "sensitive_attributes": [],
          "private": "eyJlMmJmYjczMC1lY2FhLTExZTYtOGY4OC0zNDM2M2JjN2M0YzAiOnsiY3JlYXRlIjozMDAwMDAwMDAwMDB9fQ==",
          "dependencies": [
            "module.instance1.data.template_file.user_data",
            "module.instance1.libvirt_cloudinit_disk.commoninit",
            "module.instance1.libvirt_volume.ubuntu-qcow2"
          ]
        }
      ]
    },
    {
      "module": "module.instance1",
      "mode": "managed",
      "type": "libvirt_volume",
      "name": "ubuntu-qcow2",
      "provider": "module.instance1.provider[\"registry.terraform.io/dmacvicar/libvirt\"]",
      "instances": [
        {
          "schema_version": 0,
          "attributes": {
            "base_volume_id": null,
            "base_volume_name": null,
            "base_volume_pool": null,
            "format": "qcow2",
            "id": "/var/lib/libvirt/images/ubuntu-instance1.qcow2",
            "name": "ubuntu-instance1.qcow2",
            "pool": "default",
            "size": 3758096384,
            "source": "https://cloud-images.ubuntu.com/noble/current/noble-server-cloudimg-amd64.img",
            "xml": []
          },
          "sensitive_attributes": [],
          "private": "bnVsbA=="
        }
      ]
    },
    {
      "module": "module.instance2",
      "mode": "data",
      "type": "template_file",
      "name": "user_data",
      "provider": "provider[\"registry.terraform.io/hashicorp/template\"]",
      "instances": [
        {
          "schema_version": 0,
          "attributes": {
            "filename": null,
            "id": "f18d8ee1e4af5e94accb97dd052f0acae994e187ee4629d05086d582e46fb969",
            "rendered": "#cloud-config\nhostname: crossland\nfqdn: cross.land\nusers:\n  - name: cross\n    sudo: ALL=(ALL) NOPASSWD:ALL\n    groups: users, admin\n    home: /home/cross\n    shell: /bin/bash\n    lock_passwd: false\n    ssh-authorized-keys:\n      - ssh-rsa AAAAB3NzaC1yc2EAAAADAQABAAACAQCysqqyHSVnKSoyqAI/HtLuaiE9Fcr8jmBJO+C9xinWfE7rOGdjTHjGntYVSZ12r9BaoTayKRS1aMisOdbLFDDU9D3+NZ+XvpLjWYhGJmwciKRetJcci/AzCIfPnDbF7nP38gytFzFtbnijn86eBtctPWM6+5Nar1C7GkqmIzToW02dAPlFjhPr9pV0XHUbfmLIap7f15M+1PsBszHd2mUaZuSS4sfML9WjxdzcG1CtuLaQ88UMK3+F5YATwrZWwgn4Qk0P+0HBljWeywjvc0ZkeLndxw67embK/nzDAUy+kHjBoiybaTC/zcGBJ9KlX5ui4zYo254ibLBMu/t0xf1GEZiWXs3fG6s1WHnviU+LIp24910fUXDnCnOzFJ2SRZA5PfVChFHTCB5+N3nslucjHzUDSM1f/1byqzwZwG/6ye3aCZ3UUkF3Q4WfF1nQQ9ET1HuhlpXZgQlfdq14f+4NbNMWpwORWVNfbt/pwQce/bQiBdibwOW2VQqh0OoAhcGHuJFExQ3LBaJzYtpG0ZDq7h0nJqnd1WBcCALTyiNsaHfm3YCMDMw7mxUBJPBahfVrveCYGkFUYrTlpVoUUhOotAnMKxFBfO/jZslzxWTdUnd3eScRcEmTA5LOhhDgY94WN+fEFa82kg4u1KxvjEA7XNPaBQw/cOEVn+iE82KuBw== cross@zenbook\nssh_pwauth: true\nchpasswd:\n  list: |\n     cross:caca\n  expire: False\n",
            "template": "#cloud-config\nhostname: crossland\nfqdn: cross.land\nusers:\n  - name: cross\n    sudo: ALL=(ALL) NOPASSWD:ALL\n    groups: users, admin\n    home: /home/cross\n    shell: /bin/bash\n    lock_passwd: false\n    ssh-authorized-keys:\n      - ssh-rsa AAAAB3NzaC1yc2EAAAADAQABAAACAQCysqqyHSVnKSoyqAI/HtLuaiE9Fcr8jmBJO+C9xinWfE7rOGdjTHjGntYVSZ12r9BaoTayKRS1aMisOdbLFDDU9D3+NZ+XvpLjWYhGJmwciKRetJcci/AzCIfPnDbF7nP38gytFzFtbnijn86eBtctPWM6+5Nar1C7GkqmIzToW02dAPlFjhPr9pV0XHUbfmLIap7f15M+1PsBszHd2mUaZuSS4sfML9WjxdzcG1CtuLaQ88UMK3+F5YATwrZWwgn4Qk0P+0HBljWeywjvc0ZkeLndxw67embK/nzDAUy+kHjBoiybaTC/zcGBJ9KlX5ui4zYo254ibLBMu/t0xf1GEZiWXs3fG6s1WHnviU+LIp24910fUXDnCnOzFJ2SRZA5PfVChFHTCB5+N3nslucjHzUDSM1f/1byqzwZwG/6ye3aCZ3UUkF3Q4WfF1nQQ9ET1HuhlpXZgQlfdq14f+4NbNMWpwORWVNfbt/pwQce/bQiBdibwOW2VQqh0OoAhcGHuJFExQ3LBaJzYtpG0ZDq7h0nJqnd1WBcCALTyiNsaHfm3YCMDMw7mxUBJPBahfVrveCYGkFUYrTlpVoUUhOotAnMKxFBfO/jZslzxWTdUnd3eScRcEmTA5LOhhDgY94WN+fEFa82kg4u1KxvjEA7XNPaBQw/cOEVn+iE82KuBw== cross@zenbook\nssh_pwauth: true\nchpasswd:\n  list: |\n     cross:caca\n  expire: False\n",
            "vars": null
          },
          "sensitive_attributes": []
        }
      ]
    },
    {
      "module": "module.instance2",
      "mode": "managed",
      "type": "libvirt_cloudinit_disk",
      "name": "commoninit",
      "provider": "module.instance2.provider[\"registry.terraform.io/dmacvicar/libvirt\"]",
      "instances": [
        {
          "schema_version": 0,
          "attributes": {
            "id": "/var/lib/libvirt/images/commoninit-instance2.iso;bdac06cc-011a-44ca-94ab-178896c1c9e1",
            "meta_data": "",
            "name": "commoninit-instance2.iso",
            "network_config": "",
            "pool": "default",
            "user_data": "#cloud-config\nhostname: crossland\nfqdn: cross.land\nusers:\n  - name: cross\n    sudo: ALL=(ALL) NOPASSWD:ALL\n    groups: users, admin\n    home: /home/cross\n    shell: /bin/bash\n    lock_passwd: false\n    ssh-authorized-keys:\n      - ssh-rsa AAAAB3NzaC1yc2EAAAADAQABAAACAQCysqqyHSVnKSoyqAI/HtLuaiE9Fcr8jmBJO+C9xinWfE7rOGdjTHjGntYVSZ12r9BaoTayKRS1aMisOdbLFDDU9D3+NZ+XvpLjWYhGJmwciKRetJcci/AzCIfPnDbF7nP38gytFzFtbnijn86eBtctPWM6+5Nar1C7GkqmIzToW02dAPlFjhPr9pV0XHUbfmLIap7f15M+1PsBszHd2mUaZuSS4sfML9WjxdzcG1CtuLaQ88UMK3+F5YATwrZWwgn4Qk0P+0HBljWeywjvc0ZkeLndxw67embK/nzDAUy+kHjBoiybaTC/zcGBJ9KlX5ui4zYo254ibLBMu/t0xf1GEZiWXs3fG6s1WHnviU+LIp24910fUXDnCnOzFJ2SRZA5PfVChFHTCB5+N3nslucjHzUDSM1f/1byqzwZwG/6ye3aCZ3UUkF3Q4WfF1nQQ9ET1HuhlpXZgQlfdq14f+4NbNMWpwORWVNfbt/pwQce/bQiBdibwOW2VQqh0OoAhcGHuJFExQ3LBaJzYtpG0ZDq7h0nJqnd1WBcCALTyiNsaHfm3YCMDMw7mxUBJPBahfVrveCYGkFUYrTlpVoUUhOotAnMKxFBfO/jZslzxWTdUnd3eScRcEmTA5LOhhDgY94WN+fEFa82kg4u1KxvjEA7XNPaBQw/cOEVn+iE82KuBw== cross@zenbook\nssh_pwauth: true\nchpasswd:\n  list: |\n     cross:caca\n  expire: False\n"
          },
          "sensitive_attributes": [],
          "private": "bnVsbA==",
          "dependencies": [
            "module.instance2.data.template_file.user_data"
          ]
        }
      ]
    },
    {
      "module": "module.instance2",
      "mode": "managed",
      "type": "libvirt_domain",
      "name": "instance",
      "provider": "module.instance2.provider[\"registry.terraform.io/dmacvicar/libvirt\"]",
      "instances": [
        {
          "schema_version": 0,
          "attributes": {
            "arch": "x86_64",
            "autostart": false,
            "boot_device": [],
            "cloudinit": "/var/lib/libvirt/images/commoninit-instance2.iso;bdac06cc-011a-44ca-94ab-178896c1c9e1",
            "cmdline": null,
            "console": [
              {
                "source_host": "127.0.0.1",
                "source_path": "",
                "source_service": "0",
                "target_port": "0",
                "target_type": "serial",
                "type": "pty"
              }
            ],
            "coreos_ignition": null,
            "cpu": [
              {
                "mode": "custom"
              }
            ],
            "description": "",
            "disk": [
              {
                "block_device": "",
                "file": "",
                "scsi": false,
                "url": "",
                "volume_id": "/var/lib/libvirt/images/ubuntu-instance2.qcow2",
                "wwn": ""
              }
            ],
            "emulator": "/usr/bin/qemu-system-x86_64",
            "filesystem": [],
            "firmware": null,
            "fw_cfg_name": "opt/com.coreos/config",
            "graphics": [
              {
                "autoport": true,
                "listen_address": "127.0.0.1",
                "listen_type": "address",
                "type": "spice",
                "websocket": 0
              }
            ],
            "id": "2d5b365e-771d-425c-a9bb-1ab202a2606b",
            "initrd": "",
            "kernel": "",
            "machine": "ubuntu",
            "memory": 2048,
            "metadata": null,
            "name": "instance2",
            "network_interface": [
              {
                "addresses": [
                  "192.168.122.112"
                ],
                "bridge": "",
                "hostname": "",
                "mac": "52:54:00:3E:CF:E2",
                "macvtap": "",
                "network_id": "cd25c143-4cd6-4f3e-a516-630e0ba19ef6",
                "network_name": "default",
                "passthrough": "",
                "vepa": "",
                "wait_for_lease": true
              }
            ],
            "nvram": [],
            "qemu_agent": false,
            "running": true,
            "timeouts": null,
            "tpm": [],
            "vcpu": 2,
            "video": [],
            "xml": []
          },
          "sensitive_attributes": [],
          "private": "eyJlMmJmYjczMC1lY2FhLTExZTYtOGY4OC0zNDM2M2JjN2M0YzAiOnsiY3JlYXRlIjozMDAwMDAwMDAwMDB9fQ==",
          "dependencies": [
            "module.instance2.data.template_file.user_data",
            "module.instance2.libvirt_cloudinit_disk.commoninit",
            "module.instance2.libvirt_volume.ubuntu-qcow2"
          ]
        }
      ]
    },
    {
      "module": "module.instance2",
      "mode": "managed",
      "type": "libvirt_volume",
      "name": "ubuntu-qcow2",
      "provider": "module.instance2.provider[\"registry.terraform.io/dmacvicar/libvirt\"]",
      "instances": [
        {
          "schema_version": 0,
          "attributes": {
            "base_volume_id": null,
            "base_volume_name": null,
            "base_volume_pool": null,
            "format": "qcow2",
            "id": "/var/lib/libvirt/images/ubuntu-instance2.qcow2",
            "name": "ubuntu-instance2.qcow2",
            "pool": "default",
            "size": 3758096384,
            "source": "https://cloud-images.ubuntu.com/noble/current/noble-server-cloudimg-amd64.img",
            "xml": []
          },
          "sensitive_attributes": [],
          "private": "bnVsbA=="
        }
      ]
    }
  ],
  "check_results": null
}
