{
  "version": 4,
  "terraform_version": "1.10.4",
  "serial": 323,
  "lineage": "73b1c470-14ed-0d60-9728-36363ee41768",
  "outputs": {},
  "resources": [
    {
      "module": "module.instance1",
      "mode": "data",
      "type": "template_file",
      "name": "user_data",
      "provider": "provider[\"registry.terraform.io/hashicorp/template\"]",
      "instances": [
        {
          "schema_version": 0,
          "attributes": {
            "filename": null,
            "id": "f18d8ee1e4af5e94accb97dd052f0acae994e187ee4629d05086d582e46fb969",
            "rendered": "#cloud-config\nhostname: crossland\nfqdn: cross.land\nusers:\n  - name: cross\n    sudo: ALL=(ALL) NOPASSWD:ALL\n    groups: users, admin\n    home: /home/cross\n    shell: /bin/bash\n    lock_passwd: false\n    ssh-authorized-keys:\n      - ssh-rsa AAAAB3NzaC1yc2EAAAADAQABAAACAQCysqqyHSVnKSoyqAI/HtLuaiE9Fcr8jmBJO+C9xinWfE7rOGdjTHjGntYVSZ12r9BaoTayKRS1aMisOdbLFDDU9D3+NZ+XvpLjWYhGJmwciKRetJcci/AzCIfPnDbF7nP38gytFzFtbnijn86eBtctPWM6+5Nar1C7GkqmIzToW02dAPlFjhPr9pV0XHUbfmLIap7f15M+1PsBszHd2mUaZuSS4sfML9WjxdzcG1CtuLaQ88UMK3+F5YATwrZWwgn4Qk0P+0HBljWeywjvc0ZkeLndxw67embK/nzDAUy+kHjBoiybaTC/zcGBJ9KlX5ui4zYo254ibLBMu/t0xf1GEZiWXs3fG6s1WHnviU+LIp24910fUXDnCnOzFJ2SRZA5PfVChFHTCB5+N3nslucjHzUDSM1f/1byqzwZwG/6ye3aCZ3UUkF3Q4WfF1nQQ9ET1HuhlpXZgQlfdq14f+4NbNMWpwORWVNfbt/pwQce/bQiBdibwOW2VQqh0OoAhcGHuJFExQ3LBaJzYtpG0ZDq7h0nJqnd1WBcCALTyiNsaHfm3YCMDMw7mxUBJPBahfVrveCYGkFUYrTlpVoUUhOotAnMKxFBfO/jZslzxWTdUnd3eScRcEmTA5LOhhDgY94WN+fEFa82kg4u1KxvjEA7XNPaBQw/cOEVn+iE82KuBw== cross@zenbook\nssh_pwauth: true\nchpasswd:\n  list: |\n     cross:caca\n  expire: False\n",
            "template": "#cloud-config\nhostname: crossland\nfqdn: cross.land\nusers:\n  - name: cross\n    sudo: ALL=(ALL) NOPASSWD:ALL\n    groups: users, admin\n    home: /home/cross\n    shell: /bin/bash\n    lock_passwd: false\n    ssh-authorized-keys:\n      - ssh-rsa AAAAB3NzaC1yc2EAAAADAQABAAACAQCysqqyHSVnKSoyqAI/HtLuaiE9Fcr8jmBJO+C9xinWfE7rOGdjTHjGntYVSZ12r9BaoTayKRS1aMisOdbLFDDU9D3+NZ+XvpLjWYhGJmwciKRetJcci/AzCIfPnDbF7nP38gytFzFtbnijn86eBtctPWM6+5Nar1C7GkqmIzToW02dAPlFjhPr9pV0XHUbfmLIap7f15M+1PsBszHd2mUaZuSS4sfML9WjxdzcG1CtuLaQ88UMK3+F5YATwrZWwgn4Qk0P+0HBljWeywjvc0ZkeLndxw67embK/nzDAUy+kHjBoiybaTC/zcGBJ9KlX5ui4zYo254ibLBMu/t0xf1GEZiWXs3fG6s1WHnviU+LIp24910fUXDnCnOzFJ2SRZA5PfVChFHTCB5+N3nslucjHzUDSM1f/1byqzwZwG/6ye3aCZ3UUkF3Q4WfF1nQQ9ET1HuhlpXZgQlfdq14f+4NbNMWpwORWVNfbt/pwQce/bQiBdibwOW2VQqh0OoAhcGHuJFExQ3LBaJzYtpG0ZDq7h0nJqnd1WBcCALTyiNsaHfm3YCMDMw7mxUBJPBahfVrveCYGkFUYrTlpVoUUhOotAnMKxFBfO/jZslzxWTdUnd3eScRcEmTA5LOhhDgY94WN+fEFa82kg4u1KxvjEA7XNPaBQw/cOEVn+iE82KuBw== cross@zenbook\nssh_pwauth: true\nchpasswd:\n  list: |\n     cross:caca\n  expire: False\n",
            "vars": null
          },
          "sensitive_attributes": []
        }
      ]
    },
    {
      "module": "module.instance1",
      "mode": "managed",
      "type": "libvirt_cloudinit_disk",
      "name": "commoninit",
      "provider": "provider[\"registry.terraform.io/dmacvicar/libvirt\"].local",
      "instances": [
        {
          "schema_version": 0,
          "attributes": {
            "id": "/var/lib/libvirt/images/commoninit-instance1.iso;5cf8e840-5ccb-47bf-a720-cd8679b01712",
            "meta_data": "",
            "name": "commoninit-instance1.iso",
            "network_config": "",
            "pool": "default",
            "user_data": "#cloud-config\nhostname: crossland\nfqdn: cross.land\nusers:\n  - name: cross\n    sudo: ALL=(ALL) NOPASSWD:ALL\n    groups: users, admin\n    home: /home/cross\n    shell: /bin/bash\n    lock_passwd: false\n    ssh-authorized-keys:\n      - ssh-rsa AAAAB3NzaC1yc2EAAAADAQABAAACAQCysqqyHSVnKSoyqAI/HtLuaiE9Fcr8jmBJO+C9xinWfE7rOGdjTHjGntYVSZ12r9BaoTayKRS1aMisOdbLFDDU9D3+NZ+XvpLjWYhGJmwciKRetJcci/AzCIfPnDbF7nP38gytFzFtbnijn86eBtctPWM6+5Nar1C7GkqmIzToW02dAPlFjhPr9pV0XHUbfmLIap7f15M+1PsBszHd2mUaZuSS4sfML9WjxdzcG1CtuLaQ88UMK3+F5YATwrZWwgn4Qk0P+0HBljWeywjvc0ZkeLndxw67embK/nzDAUy+kHjBoiybaTC/zcGBJ9KlX5ui4zYo254ibLBMu/t0xf1GEZiWXs3fG6s1WHnviU+LIp24910fUXDnCnOzFJ2SRZA5PfVChFHTCB5+N3nslucjHzUDSM1f/1byqzwZwG/6ye3aCZ3UUkF3Q4WfF1nQQ9ET1HuhlpXZgQlfdq14f+4NbNMWpwORWVNfbt/pwQce/bQiBdibwOW2VQqh0OoAhcGHuJFExQ3LBaJzYtpG0ZDq7h0nJqnd1WBcCALTyiNsaHfm3YCMDMw7mxUBJPBahfVrveCYGkFUYrTlpVoUUhOotAnMKxFBfO/jZslzxWTdUnd3eScRcEmTA5LOhhDgY94WN+fEFa82kg4u1KxvjEA7XNPaBQw/cOEVn+iE82KuBw== cross@zenbook\nssh_pwauth: true\nchpasswd:\n  list: |\n     cross:caca\n  expire: False\n"
          },
          "sensitive_attributes": [],
          "private": "bnVsbA==",
          "dependencies": [
            "module.instance1.data.template_file.user_data"
          ]
        }
      ]
    },
    {
      "module": "module.instance1",
      "mode": "managed",
      "type": "libvirt_domain",
      "name": "instance",
      "provider": "provider[\"registry.terraform.io/dmacvicar/libvirt\"].local",
      "instances": [
        {
          "schema_version": 0,
          "attributes": {
            "arch": "x86_64",
            "autostart": false,
            "boot_device": [],
            "cloudinit": "/var/lib/libvirt/images/commoninit-instance1.iso;5cf8e840-5ccb-47bf-a720-cd8679b01712",
            "cmdline": null,
            "console": [
              {
                "source_host": "127.0.0.1",
                "source_path": "",
                "source_service": "0",
                "target_port": "0",
                "target_type": "serial",
                "type": "pty"
              }
            ],
            "coreos_ignition": null,
            "cpu": [
              {
                "mode": "custom"
              }
            ],
            "description": "",
            "disk": [
              {
                "block_device": "",
                "file": "",
                "scsi": false,
                "url": "",
                "volume_id": "/var/lib/libvirt/images/ubuntu-instance1.qcow2",
                "wwn": ""
              }
            ],
            "emulator": "/usr/bin/qemu-system-x86_64",
            "filesystem": [],
            "firmware": null,
            "fw_cfg_name": "opt/com.coreos/config",
            "graphics": [
              {
                "autoport": true,
                "listen_address": "127.0.0.1",
                "listen_type": "address",
                "type": "spice",
                "websocket": 0
              }
            ],
            "id": "7f125136-e8b3-4dce-8881-2a0a25f97b77",
            "initrd": "",
            "kernel": "",
            "machine": "ubuntu",
            "memory": 2048,
            "metadata": null,
            "name": "instance1",
            "network_interface": [
              {
                "addresses": [],
                "bridge": "",
                "hostname": "instance1",
                "mac": "52:54:00:AA:8C:03",
                "macvtap": "",
                "network_id": "cd25c143-4cd6-4f3e-a516-630e0ba19ef6",
                "network_name": "default",
                "passthrough": "",
                "vepa": "",
                "wait_for_lease": false
              }
            ],
            "nvram": [],
            "qemu_agent": false,
            "running": true,
            "timeouts": null,
            "tpm": [],
            "vcpu": 2,
            "video": [],
            "xml": []
          },
          "sensitive_attributes": [],
          "private": "eyJlMmJmYjczMC1lY2FhLTExZTYtOGY4OC0zNDM2M2JjN2M0YzAiOnsiY3JlYXRlIjozMDAwMDAwMDAwMDB9fQ==",
          "dependencies": [
            "module.instance1.data.template_file.user_data",
            "module.instance1.libvirt_cloudinit_disk.commoninit",
            "module.instance1.libvirt_volume.ubuntu-qcow2"
          ]
        }
      ]
    },
    {
      "module": "module.instance1",
      "mode": "managed",
      "type": "libvirt_volume",
      "name": "ubuntu-qcow2",
      "provider": "provider[\"registry.terraform.io/dmacvicar/libvirt\"].local",
      "instances": [
        {
          "schema_version": 0,
          "attributes": {
            "base_volume_id": null,
            "base_volume_name": null,
            "base_volume_pool": null,
            "format": "qcow2",
            "id": "/var/lib/libvirt/images/ubuntu-instance1.qcow2",
            "name": "ubuntu-instance1.qcow2",
            "pool": "default",
            "size": 3758096384,
            "source": "https://cloud-images.ubuntu.com/noble/current/noble-server-cloudimg-amd64.img",
            "xml": []
          },
          "sensitive_attributes": [],
          "private": "bnVsbA=="
        }
      ]
    },
    {
      "module": "module.instance2",
      "mode": "data",
      "type": "template_file",
      "name": "user_data",
      "provider": "provider[\"registry.terraform.io/hashicorp/template\"]",
      "instances": [
        {
          "schema_version": 0,
          "attributes": {
            "filename": null,
            "id": "f18d8ee1e4af5e94accb97dd052f0acae994e187ee4629d05086d582e46fb969",
            "rendered": "#cloud-config\nhostname: crossland\nfqdn: cross.land\nusers:\n  - name: cross\n    sudo: ALL=(ALL) NOPASSWD:ALL\n    groups: users, admin\n    home: /home/cross\n    shell: /bin/bash\n    lock_passwd: false\n    ssh-authorized-keys:\n      - ssh-rsa AAAAB3NzaC1yc2EAAAADAQABAAACAQCysqqyHSVnKSoyqAI/HtLuaiE9Fcr8jmBJO+C9xinWfE7rOGdjTHjGntYVSZ12r9BaoTayKRS1aMisOdbLFDDU9D3+NZ+XvpLjWYhGJmwciKRetJcci/AzCIfPnDbF7nP38gytFzFtbnijn86eBtctPWM6+5Nar1C7GkqmIzToW02dAPlFjhPr9pV0XHUbfmLIap7f15M+1PsBszHd2mUaZuSS4sfML9WjxdzcG1CtuLaQ88UMK3+F5YATwrZWwgn4Qk0P+0HBljWeywjvc0ZkeLndxw67embK/nzDAUy+kHjBoiybaTC/zcGBJ9KlX5ui4zYo254ibLBMu/t0xf1GEZiWXs3fG6s1WHnviU+LIp24910fUXDnCnOzFJ2SRZA5PfVChFHTCB5+N3nslucjHzUDSM1f/1byqzwZwG/6ye3aCZ3UUkF3Q4WfF1nQQ9ET1HuhlpXZgQlfdq14f+4NbNMWpwORWVNfbt/pwQce/bQiBdibwOW2VQqh0OoAhcGHuJFExQ3LBaJzYtpG0ZDq7h0nJqnd1WBcCALTyiNsaHfm3YCMDMw7mxUBJPBahfVrveCYGkFUYrTlpVoUUhOotAnMKxFBfO/jZslzxWTdUnd3eScRcEmTA5LOhhDgY94WN+fEFa82kg4u1KxvjEA7XNPaBQw/cOEVn+iE82KuBw== cross@zenbook\nssh_pwauth: true\nchpasswd:\n  list: |\n     cross:caca\n  expire: False\n",
            "template": "#cloud-config\nhostname: crossland\nfqdn: cross.land\nusers:\n  - name: cross\n    sudo: ALL=(ALL) NOPASSWD:ALL\n    groups: users, admin\n    home: /home/cross\n    shell: /bin/bash\n    lock_passwd: false\n    ssh-authorized-keys:\n      - ssh-rsa AAAAB3NzaC1yc2EAAAADAQABAAACAQCysqqyHSVnKSoyqAI/HtLuaiE9Fcr8jmBJO+C9xinWfE7rOGdjTHjGntYVSZ12r9BaoTayKRS1aMisOdbLFDDU9D3+NZ+XvpLjWYhGJmwciKRetJcci/AzCIfPnDbF7nP38gytFzFtbnijn86eBtctPWM6+5Nar1C7GkqmIzToW02dAPlFjhPr9pV0XHUbfmLIap7f15M+1PsBszHd2mUaZuSS4sfML9WjxdzcG1CtuLaQ88UMK3+F5YATwrZWwgn4Qk0P+0HBljWeywjvc0ZkeLndxw67embK/nzDAUy+kHjBoiybaTC/zcGBJ9KlX5ui4zYo254ibLBMu/t0xf1GEZiWXs3fG6s1WHnviU+LIp24910fUXDnCnOzFJ2SRZA5PfVChFHTCB5+N3nslucjHzUDSM1f/1byqzwZwG/6ye3aCZ3UUkF3Q4WfF1nQQ9ET1HuhlpXZgQlfdq14f+4NbNMWpwORWVNfbt/pwQce/bQiBdibwOW2VQqh0OoAhcGHuJFExQ3LBaJzYtpG0ZDq7h0nJqnd1WBcCALTyiNsaHfm3YCMDMw7mxUBJPBahfVrveCYGkFUYrTlpVoUUhOotAnMKxFBfO/jZslzxWTdUnd3eScRcEmTA5LOhhDgY94WN+fEFa82kg4u1KxvjEA7XNPaBQw/cOEVn+iE82KuBw== cross@zenbook\nssh_pwauth: true\nchpasswd:\n  list: |\n     cross:caca\n  expire: False\n",
            "vars": null
          },
          "sensitive_attributes": []
        }
      ]
    },
    {
      "module": "module.instance2",
      "mode": "managed",
      "type": "libvirt_cloudinit_disk",
      "name": "commoninit",
      "provider": "provider[\"registry.terraform.io/dmacvicar/libvirt\"].local",
      "instances": [
        {
          "schema_version": 0,
          "attributes": {
            "id": "/var/lib/libvirt/images/commoninit-instance2.iso;9a8f1241-2eaa-4c74-9b30-deea310bb65e",
            "meta_data": "",
            "name": "commoninit-instance2.iso",
            "network_config": "",
            "pool": "default",
            "user_data": "#cloud-config\nhostname: crossland\nfqdn: cross.land\nusers:\n  - name: cross\n    sudo: ALL=(ALL) NOPASSWD:ALL\n    groups: users, admin\n    home: /home/cross\n    shell: /bin/bash\n    lock_passwd: false\n    ssh-authorized-keys:\n      - ssh-rsa AAAAB3NzaC1yc2EAAAADAQABAAACAQCysqqyHSVnKSoyqAI/HtLuaiE9Fcr8jmBJO+C9xinWfE7rOGdjTHjGntYVSZ12r9BaoTayKRS1aMisOdbLFDDU9D3+NZ+XvpLjWYhGJmwciKRetJcci/AzCIfPnDbF7nP38gytFzFtbnijn86eBtctPWM6+5Nar1C7GkqmIzToW02dAPlFjhPr9pV0XHUbfmLIap7f15M+1PsBszHd2mUaZuSS4sfML9WjxdzcG1CtuLaQ88UMK3+F5YATwrZWwgn4Qk0P+0HBljWeywjvc0ZkeLndxw67embK/nzDAUy+kHjBoiybaTC/zcGBJ9KlX5ui4zYo254ibLBMu/t0xf1GEZiWXs3fG6s1WHnviU+LIp24910fUXDnCnOzFJ2SRZA5PfVChFHTCB5+N3nslucjHzUDSM1f/1byqzwZwG/6ye3aCZ3UUkF3Q4WfF1nQQ9ET1HuhlpXZgQlfdq14f+4NbNMWpwORWVNfbt/pwQce/bQiBdibwOW2VQqh0OoAhcGHuJFExQ3LBaJzYtpG0ZDq7h0nJqnd1WBcCALTyiNsaHfm3YCMDMw7mxUBJPBahfVrveCYGkFUYrTlpVoUUhOotAnMKxFBfO/jZslzxWTdUnd3eScRcEmTA5LOhhDgY94WN+fEFa82kg4u1KxvjEA7XNPaBQw/cOEVn+iE82KuBw== cross@zenbook\nssh_pwauth: true\nchpasswd:\n  list: |\n     cross:caca\n  expire: False\n"
          },
          "sensitive_attributes": [],
          "private": "bnVsbA==",
          "dependencies": [
            "module.instance2.data.template_file.user_data"
          ]
        }
      ]
    },
    {
      "module": "module.instance2",
      "mode": "managed",
      "type": "libvirt_domain",
      "name": "instance",
      "provider": "provider[\"registry.terraform.io/dmacvicar/libvirt\"].local",
      "instances": [
        {
          "schema_version": 0,
          "attributes": {
            "arch": "x86_64",
            "autostart": false,
            "boot_device": [],
            "cloudinit": "/var/lib/libvirt/images/commoninit-instance2.iso;9a8f1241-2eaa-4c74-9b30-deea310bb65e",
            "cmdline": null,
            "console": [
              {
                "source_host": "127.0.0.1",
                "source_path": "",
                "source_service": "0",
                "target_port": "0",
                "target_type": "serial",
                "type": "pty"
              }
            ],
            "coreos_ignition": null,
            "cpu": [
              {
                "mode": "custom"
              }
            ],
            "description": "",
            "disk": [
              {
                "block_device": "",
                "file": "",
                "scsi": false,
                "url": "",
                "volume_id": "/var/lib/libvirt/images/ubuntu-instance2.qcow2",
                "wwn": ""
              }
            ],
            "emulator": "/usr/bin/qemu-system-x86_64",
            "filesystem": [],
            "firmware": null,
            "fw_cfg_name": "opt/com.coreos/config",
            "graphics": [
              {
                "autoport": true,
                "listen_address": "127.0.0.1",
                "listen_type": "address",
                "type": "spice",
                "websocket": 0
              }
            ],
            "id": "29d01510-25ac-43a9-91a8-dcbf45bc7ec8",
            "initrd": "",
            "kernel": "",
            "machine": "ubuntu",
            "memory": 2048,
            "metadata": null,
            "name": "instance2",
            "network_interface": [
              {
                "addresses": [],
                "bridge": "",
                "hostname": "instance2",
                "mac": "52:54:00:BA:95:E6",
                "macvtap": "",
                "network_id": "cd25c143-4cd6-4f3e-a516-630e0ba19ef6",
                "network_name": "default",
                "passthrough": "",
                "vepa": "",
                "wait_for_lease": false
              }
            ],
            "nvram": [],
            "qemu_agent": false,
            "running": true,
            "timeouts": null,
            "tpm": [],
            "vcpu": 2,
            "video": [],
            "xml": []
          },
          "sensitive_attributes": [],
          "private": "eyJlMmJmYjczMC1lY2FhLTExZTYtOGY4OC0zNDM2M2JjN2M0YzAiOnsiY3JlYXRlIjozMDAwMDAwMDAwMDB9fQ==",
          "dependencies": [
            "module.instance2.data.template_file.user_data",
            "module.instance2.libvirt_cloudinit_disk.commoninit",
            "module.instance2.libvirt_volume.ubuntu-qcow2"
          ]
        }
      ]
    },
    {
      "module": "module.instance2",
      "mode": "managed",
      "type": "libvirt_volume",
      "name": "ubuntu-qcow2",
      "provider": "provider[\"registry.terraform.io/dmacvicar/libvirt\"].local",
      "instances": [
        {
          "schema_version": 0,
          "attributes": {
            "base_volume_id": null,
            "base_volume_name": null,
            "base_volume_pool": null,
            "format": "qcow2",
            "id": "/var/lib/libvirt/images/ubuntu-instance2.qcow2",
            "name": "ubuntu-instance2.qcow2",
            "pool": "default",
            "size": 3758096384,
            "source": "https://cloud-images.ubuntu.com/noble/current/noble-server-cloudimg-amd64.img",
            "xml": []
          },
          "sensitive_attributes": [],
          "private": "bnVsbA=="
        }
      ]
    },
    {
      "module": "module.remote_instance1",
      "mode": "data",
      "type": "template_file",
      "name": "user_data",
      "provider": "provider[\"registry.terraform.io/hashicorp/template\"]",
      "instances": [
        {
          "schema_version": 0,
          "attributes": {
            "filename": null,
            "id": "f18d8ee1e4af5e94accb97dd052f0acae994e187ee4629d05086d582e46fb969",
            "rendered": "#cloud-config\nhostname: crossland\nfqdn: cross.land\nusers:\n  - name: cross\n    sudo: ALL=(ALL) NOPASSWD:ALL\n    groups: users, admin\n    home: /home/cross\n    shell: /bin/bash\n    lock_passwd: false\n    ssh-authorized-keys:\n      - ssh-rsa AAAAB3NzaC1yc2EAAAADAQABAAACAQCysqqyHSVnKSoyqAI/HtLuaiE9Fcr8jmBJO+C9xinWfE7rOGdjTHjGntYVSZ12r9BaoTayKRS1aMisOdbLFDDU9D3+NZ+XvpLjWYhGJmwciKRetJcci/AzCIfPnDbF7nP38gytFzFtbnijn86eBtctPWM6+5Nar1C7GkqmIzToW02dAPlFjhPr9pV0XHUbfmLIap7f15M+1PsBszHd2mUaZuSS4sfML9WjxdzcG1CtuLaQ88UMK3+F5YATwrZWwgn4Qk0P+0HBljWeywjvc0ZkeLndxw67embK/nzDAUy+kHjBoiybaTC/zcGBJ9KlX5ui4zYo254ibLBMu/t0xf1GEZiWXs3fG6s1WHnviU+LIp24910fUXDnCnOzFJ2SRZA5PfVChFHTCB5+N3nslucjHzUDSM1f/1byqzwZwG/6ye3aCZ3UUkF3Q4WfF1nQQ9ET1HuhlpXZgQlfdq14f+4NbNMWpwORWVNfbt/pwQce/bQiBdibwOW2VQqh0OoAhcGHuJFExQ3LBaJzYtpG0ZDq7h0nJqnd1WBcCALTyiNsaHfm3YCMDMw7mxUBJPBahfVrveCYGkFUYrTlpVoUUhOotAnMKxFBfO/jZslzxWTdUnd3eScRcEmTA5LOhhDgY94WN+fEFa82kg4u1KxvjEA7XNPaBQw/cOEVn+iE82KuBw== cross@zenbook\nssh_pwauth: true\nchpasswd:\n  list: |\n     cross:caca\n  expire: False\n",
            "template": "#cloud-config\nhostname: crossland\nfqdn: cross.land\nusers:\n  - name: cross\n    sudo: ALL=(ALL) NOPASSWD:ALL\n    groups: users, admin\n    home: /home/cross\n    shell: /bin/bash\n    lock_passwd: false\n    ssh-authorized-keys:\n      - ssh-rsa AAAAB3NzaC1yc2EAAAADAQABAAACAQCysqqyHSVnKSoyqAI/HtLuaiE9Fcr8jmBJO+C9xinWfE7rOGdjTHjGntYVSZ12r9BaoTayKRS1aMisOdbLFDDU9D3+NZ+XvpLjWYhGJmwciKRetJcci/AzCIfPnDbF7nP38gytFzFtbnijn86eBtctPWM6+5Nar1C7GkqmIzToW02dAPlFjhPr9pV0XHUbfmLIap7f15M+1PsBszHd2mUaZuSS4sfML9WjxdzcG1CtuLaQ88UMK3+F5YATwrZWwgn4Qk0P+0HBljWeywjvc0ZkeLndxw67embK/nzDAUy+kHjBoiybaTC/zcGBJ9KlX5ui4zYo254ibLBMu/t0xf1GEZiWXs3fG6s1WHnviU+LIp24910fUXDnCnOzFJ2SRZA5PfVChFHTCB5+N3nslucjHzUDSM1f/1byqzwZwG/6ye3aCZ3UUkF3Q4WfF1nQQ9ET1HuhlpXZgQlfdq14f+4NbNMWpwORWVNfbt/pwQce/bQiBdibwOW2VQqh0OoAhcGHuJFExQ3LBaJzYtpG0ZDq7h0nJqnd1WBcCALTyiNsaHfm3YCMDMw7mxUBJPBahfVrveCYGkFUYrTlpVoUUhOotAnMKxFBfO/jZslzxWTdUnd3eScRcEmTA5LOhhDgY94WN+fEFa82kg4u1KxvjEA7XNPaBQw/cOEVn+iE82KuBw== cross@zenbook\nssh_pwauth: true\nchpasswd:\n  list: |\n     cross:caca\n  expire: False\n",
            "vars": null
          },
          "sensitive_attributes": []
        }
      ]
    },
    {
      "module": "module.remote_instance1",
      "mode": "managed",
      "type": "libvirt_cloudinit_disk",
      "name": "commoninit",
      "provider": "provider[\"registry.terraform.io/dmacvicar/libvirt\"].remote",
      "instances": [
        {
          "schema_version": 0,
          "attributes": {
            "id": "/var/lib/libvirt/images/commoninit-remote_vm1.iso;10639e3c-5cda-46cd-a9eb-ee082b46aa14",
            "meta_data": "",
            "name": "commoninit-remote_vm1.iso",
            "network_config": "",
            "pool": "default",
            "user_data": "#cloud-config\nhostname: crossland\nfqdn: cross.land\nusers:\n  - name: cross\n    sudo: ALL=(ALL) NOPASSWD:ALL\n    groups: users, admin\n    home: /home/cross\n    shell: /bin/bash\n    lock_passwd: false\n    ssh-authorized-keys:\n      - ssh-rsa AAAAB3NzaC1yc2EAAAADAQABAAACAQCysqqyHSVnKSoyqAI/HtLuaiE9Fcr8jmBJO+C9xinWfE7rOGdjTHjGntYVSZ12r9BaoTayKRS1aMisOdbLFDDU9D3+NZ+XvpLjWYhGJmwciKRetJcci/AzCIfPnDbF7nP38gytFzFtbnijn86eBtctPWM6+5Nar1C7GkqmIzToW02dAPlFjhPr9pV0XHUbfmLIap7f15M+1PsBszHd2mUaZuSS4sfML9WjxdzcG1CtuLaQ88UMK3+F5YATwrZWwgn4Qk0P+0HBljWeywjvc0ZkeLndxw67embK/nzDAUy+kHjBoiybaTC/zcGBJ9KlX5ui4zYo254ibLBMu/t0xf1GEZiWXs3fG6s1WHnviU+LIp24910fUXDnCnOzFJ2SRZA5PfVChFHTCB5+N3nslucjHzUDSM1f/1byqzwZwG/6ye3aCZ3UUkF3Q4WfF1nQQ9ET1HuhlpXZgQlfdq14f+4NbNMWpwORWVNfbt/pwQce/bQiBdibwOW2VQqh0OoAhcGHuJFExQ3LBaJzYtpG0ZDq7h0nJqnd1WBcCALTyiNsaHfm3YCMDMw7mxUBJPBahfVrveCYGkFUYrTlpVoUUhOotAnMKxFBfO/jZslzxWTdUnd3eScRcEmTA5LOhhDgY94WN+fEFa82kg4u1KxvjEA7XNPaBQw/cOEVn+iE82KuBw== cross@zenbook\nssh_pwauth: true\nchpasswd:\n  list: |\n     cross:caca\n  expire: False\n"
          },
          "sensitive_attributes": [],
          "private": "bnVsbA==",
          "dependencies": [
            "module.remote_instance1.data.template_file.user_data"
          ]
        }
      ]
    },
    {
      "module": "module.remote_instance1",
      "mode": "managed",
      "type": "libvirt_domain",
      "name": "instance",
      "provider": "provider[\"registry.terraform.io/dmacvicar/libvirt\"].remote",
      "instances": [
        {
          "schema_version": 0,
          "attributes": {
            "arch": "x86_64",
            "autostart": false,
            "boot_device": [],
            "cloudinit": "/var/lib/libvirt/images/commoninit-remote_vm1.iso;10639e3c-5cda-46cd-a9eb-ee082b46aa14",
            "cmdline": null,
            "console": [
              {
                "source_host": "127.0.0.1",
                "source_path": "",
                "source_service": "0",
                "target_port": "0",
                "target_type": "serial",
                "type": "pty"
              }
            ],
            "coreos_ignition": null,
            "cpu": [
              {
                "mode": "custom"
              }
            ],
            "description": "",
            "disk": [
              {
                "block_device": "",
                "file": "",
                "scsi": false,
                "url": "",
                "volume_id": "/var/lib/libvirt/images/ubuntu-remote_vm1.qcow2",
                "wwn": ""
              }
            ],
            "emulator": "/usr/bin/qemu-system-x86_64",
            "filesystem": [],
            "firmware": null,
            "fw_cfg_name": "opt/com.coreos/config",
            "graphics": [
              {
                "autoport": true,
                "listen_address": "127.0.0.1",
                "listen_type": "address",
                "type": "spice",
                "websocket": 0
              }
            ],
            "id": "0e68bc65-10fe-4f86-8e38-fcb32fb20a4c",
            "initrd": "",
            "kernel": "",
            "machine": "ubuntu",
            "memory": 2048,
            "metadata": null,
            "name": "remote_vm1",
            "network_interface": [
              {
                "addresses": [],
                "bridge": "br-test",
                "hostname": "",
                "mac": "52:54:00:AB:65:F5",
                "macvtap": "",
                "network_id": "",
                "network_name": "",
                "passthrough": "",
                "vepa": "",
                "wait_for_lease": false
              }
            ],
            "nvram": [],
            "qemu_agent": false,
            "running": true,
            "timeouts": null,
            "tpm": [],
            "vcpu": 2,
            "video": [],
            "xml": []
          },
          "sensitive_attributes": [],
          "private": "eyJlMmJmYjczMC1lY2FhLTExZTYtOGY4OC0zNDM2M2JjN2M0YzAiOnsiY3JlYXRlIjozMDAwMDAwMDAwMDB9fQ==",
          "dependencies": [
            "module.remote_instance1.data.template_file.user_data",
            "module.remote_instance1.libvirt_cloudinit_disk.commoninit",
            "module.remote_instance1.libvirt_volume.ubuntu-qcow2"
          ]
        }
      ]
    },
    {
      "module": "module.remote_instance1",
      "mode": "managed",
      "type": "libvirt_volume",
      "name": "ubuntu-qcow2",
      "provider": "provider[\"registry.terraform.io/dmacvicar/libvirt\"].remote",
      "instances": [
        {
          "schema_version": 0,
          "attributes": {
            "base_volume_id": null,
            "base_volume_name": null,
            "base_volume_pool": null,
            "format": "qcow2",
            "id": "/var/lib/libvirt/images/ubuntu-remote_vm1.qcow2",
            "name": "ubuntu-remote_vm1.qcow2",
            "pool": "default",
            "size": 3758096384,
            "source": "https://cloud-images.ubuntu.com/noble/current/noble-server-cloudimg-amd64.img",
            "xml": []
          },
          "sensitive_attributes": [],
          "private": "bnVsbA=="
        }
      ]
    },
    {
      "module": "module.remote_instance2",
      "mode": "data",
      "type": "template_file",
      "name": "user_data",
      "provider": "provider[\"registry.terraform.io/hashicorp/template\"]",
      "instances": [
        {
          "schema_version": 0,
          "attributes": {
            "filename": null,
            "id": "f18d8ee1e4af5e94accb97dd052f0acae994e187ee4629d05086d582e46fb969",
            "rendered": "#cloud-config\nhostname: crossland\nfqdn: cross.land\nusers:\n  - name: cross\n    sudo: ALL=(ALL) NOPASSWD:ALL\n    groups: users, admin\n    home: /home/cross\n    shell: /bin/bash\n    lock_passwd: false\n    ssh-authorized-keys:\n      - ssh-rsa AAAAB3NzaC1yc2EAAAADAQABAAACAQCysqqyHSVnKSoyqAI/HtLuaiE9Fcr8jmBJO+C9xinWfE7rOGdjTHjGntYVSZ12r9BaoTayKRS1aMisOdbLFDDU9D3+NZ+XvpLjWYhGJmwciKRetJcci/AzCIfPnDbF7nP38gytFzFtbnijn86eBtctPWM6+5Nar1C7GkqmIzToW02dAPlFjhPr9pV0XHUbfmLIap7f15M+1PsBszHd2mUaZuSS4sfML9WjxdzcG1CtuLaQ88UMK3+F5YATwrZWwgn4Qk0P+0HBljWeywjvc0ZkeLndxw67embK/nzDAUy+kHjBoiybaTC/zcGBJ9KlX5ui4zYo254ibLBMu/t0xf1GEZiWXs3fG6s1WHnviU+LIp24910fUXDnCnOzFJ2SRZA5PfVChFHTCB5+N3nslucjHzUDSM1f/1byqzwZwG/6ye3aCZ3UUkF3Q4WfF1nQQ9ET1HuhlpXZgQlfdq14f+4NbNMWpwORWVNfbt/pwQce/bQiBdibwOW2VQqh0OoAhcGHuJFExQ3LBaJzYtpG0ZDq7h0nJqnd1WBcCALTyiNsaHfm3YCMDMw7mxUBJPBahfVrveCYGkFUYrTlpVoUUhOotAnMKxFBfO/jZslzxWTdUnd3eScRcEmTA5LOhhDgY94WN+fEFa82kg4u1KxvjEA7XNPaBQw/cOEVn+iE82KuBw== cross@zenbook\nssh_pwauth: true\nchpasswd:\n  list: |\n     cross:caca\n  expire: False\n",
            "template": "#cloud-config\nhostname: crossland\nfqdn: cross.land\nusers:\n  - name: cross\n    sudo: ALL=(ALL) NOPASSWD:ALL\n    groups: users, admin\n    home: /home/cross\n    shell: /bin/bash\n    lock_passwd: false\n    ssh-authorized-keys:\n      - ssh-rsa AAAAB3NzaC1yc2EAAAADAQABAAACAQCysqqyHSVnKSoyqAI/HtLuaiE9Fcr8jmBJO+C9xinWfE7rOGdjTHjGntYVSZ12r9BaoTayKRS1aMisOdbLFDDU9D3+NZ+XvpLjWYhGJmwciKRetJcci/AzCIfPnDbF7nP38gytFzFtbnijn86eBtctPWM6+5Nar1C7GkqmIzToW02dAPlFjhPr9pV0XHUbfmLIap7f15M+1PsBszHd2mUaZuSS4sfML9WjxdzcG1CtuLaQ88UMK3+F5YATwrZWwgn4Qk0P+0HBljWeywjvc0ZkeLndxw67embK/nzDAUy+kHjBoiybaTC/zcGBJ9KlX5ui4zYo254ibLBMu/t0xf1GEZiWXs3fG6s1WHnviU+LIp24910fUXDnCnOzFJ2SRZA5PfVChFHTCB5+N3nslucjHzUDSM1f/1byqzwZwG/6ye3aCZ3UUkF3Q4WfF1nQQ9ET1HuhlpXZgQlfdq14f+4NbNMWpwORWVNfbt/pwQce/bQiBdibwOW2VQqh0OoAhcGHuJFExQ3LBaJzYtpG0ZDq7h0nJqnd1WBcCALTyiNsaHfm3YCMDMw7mxUBJPBahfVrveCYGkFUYrTlpVoUUhOotAnMKxFBfO/jZslzxWTdUnd3eScRcEmTA5LOhhDgY94WN+fEFa82kg4u1KxvjEA7XNPaBQw/cOEVn+iE82KuBw== cross@zenbook\nssh_pwauth: true\nchpasswd:\n  list: |\n     cross:caca\n  expire: False\n",
            "vars": null
          },
          "sensitive_attributes": []
        }
      ]
    },
    {
      "module": "module.remote_instance2",
      "mode": "managed",
      "type": "libvirt_cloudinit_disk",
      "name": "commoninit",
      "provider": "provider[\"registry.terraform.io/dmacvicar/libvirt\"].remote",
      "instances": [
        {
          "schema_version": 0,
          "attributes": {
            "id": "/var/lib/libvirt/images/commoninit-remote_vm2.iso;e8b8deec-87bf-485e-9bbf-e8b76a73d952",
            "meta_data": "",
            "name": "commoninit-remote_vm2.iso",
            "network_config": "",
            "pool": "default",
            "user_data": "#cloud-config\nhostname: crossland\nfqdn: cross.land\nusers:\n  - name: cross\n    sudo: ALL=(ALL) NOPASSWD:ALL\n    groups: users, admin\n    home: /home/cross\n    shell: /bin/bash\n    lock_passwd: false\n    ssh-authorized-keys:\n      - ssh-rsa AAAAB3NzaC1yc2EAAAADAQABAAACAQCysqqyHSVnKSoyqAI/HtLuaiE9Fcr8jmBJO+C9xinWfE7rOGdjTHjGntYVSZ12r9BaoTayKRS1aMisOdbLFDDU9D3+NZ+XvpLjWYhGJmwciKRetJcci/AzCIfPnDbF7nP38gytFzFtbnijn86eBtctPWM6+5Nar1C7GkqmIzToW02dAPlFjhPr9pV0XHUbfmLIap7f15M+1PsBszHd2mUaZuSS4sfML9WjxdzcG1CtuLaQ88UMK3+F5YATwrZWwgn4Qk0P+0HBljWeywjvc0ZkeLndxw67embK/nzDAUy+kHjBoiybaTC/zcGBJ9KlX5ui4zYo254ibLBMu/t0xf1GEZiWXs3fG6s1WHnviU+LIp24910fUXDnCnOzFJ2SRZA5PfVChFHTCB5+N3nslucjHzUDSM1f/1byqzwZwG/6ye3aCZ3UUkF3Q4WfF1nQQ9ET1HuhlpXZgQlfdq14f+4NbNMWpwORWVNfbt/pwQce/bQiBdibwOW2VQqh0OoAhcGHuJFExQ3LBaJzYtpG0ZDq7h0nJqnd1WBcCALTyiNsaHfm3YCMDMw7mxUBJPBahfVrveCYGkFUYrTlpVoUUhOotAnMKxFBfO/jZslzxWTdUnd3eScRcEmTA5LOhhDgY94WN+fEFa82kg4u1KxvjEA7XNPaBQw/cOEVn+iE82KuBw== cross@zenbook\nssh_pwauth: true\nchpasswd:\n  list: |\n     cross:caca\n  expire: False\n"
          },
          "sensitive_attributes": [],
          "private": "bnVsbA==",
          "dependencies": [
            "module.remote_instance2.data.template_file.user_data"
          ]
        }
      ]
    },
    {
      "module": "module.remote_instance2",
      "mode": "managed",
      "type": "libvirt_domain",
      "name": "instance",
      "provider": "provider[\"registry.terraform.io/dmacvicar/libvirt\"].remote",
      "instances": [
        {
          "schema_version": 0,
          "attributes": {
            "arch": "x86_64",
            "autostart": false,
            "boot_device": [],
            "cloudinit": "/var/lib/libvirt/images/commoninit-remote_vm2.iso;e8b8deec-87bf-485e-9bbf-e8b76a73d952",
            "cmdline": null,
            "console": [
              {
                "source_host": "127.0.0.1",
                "source_path": "",
                "source_service": "0",
                "target_port": "0",
                "target_type": "serial",
                "type": "pty"
              }
            ],
            "coreos_ignition": null,
            "cpu": [
              {
                "mode": "custom"
              }
            ],
            "description": "",
            "disk": [
              {
                "block_device": "",
                "file": "",
                "scsi": false,
                "url": "",
                "volume_id": "/var/lib/libvirt/images/ubuntu-remote_vm2.qcow2",
                "wwn": ""
              }
            ],
            "emulator": "/usr/bin/qemu-system-x86_64",
            "filesystem": [],
            "firmware": null,
            "fw_cfg_name": "opt/com.coreos/config",
            "graphics": [
              {
                "autoport": true,
                "listen_address": "127.0.0.1",
                "listen_type": "address",
                "type": "spice",
                "websocket": 0
              }
            ],
            "id": "8bdcc229-9ef9-434a-bd60-3aa1e8fcfd31",
            "initrd": "",
            "kernel": "",
            "machine": "ubuntu",
            "memory": 2048,
            "metadata": null,
            "name": "remote_vm2",
            "network_interface": [
              {
                "addresses": [],
                "bridge": "br-test",
                "hostname": "",
                "mac": "52:54:00:AE:75:F9",
                "macvtap": "",
                "network_id": "",
                "network_name": "",
                "passthrough": "",
                "vepa": "",
                "wait_for_lease": false
              }
            ],
            "nvram": [],
            "qemu_agent": false,
            "running": true,
            "timeouts": null,
            "tpm": [],
            "vcpu": 2,
            "video": [],
            "xml": []
          },
          "sensitive_attributes": [],
          "private": "eyJlMmJmYjczMC1lY2FhLTExZTYtOGY4OC0zNDM2M2JjN2M0YzAiOnsiY3JlYXRlIjozMDAwMDAwMDAwMDB9fQ==",
          "dependencies": [
            "module.remote_instance2.data.template_file.user_data",
            "module.remote_instance2.libvirt_cloudinit_disk.commoninit",
            "module.remote_instance2.libvirt_volume.ubuntu-qcow2"
          ]
        }
      ]
    },
    {
      "module": "module.remote_instance2",
      "mode": "managed",
      "type": "libvirt_volume",
      "name": "ubuntu-qcow2",
      "provider": "provider[\"registry.terraform.io/dmacvicar/libvirt\"].remote",
      "instances": [
        {
          "schema_version": 0,
          "attributes": {
            "base_volume_id": null,
            "base_volume_name": null,
            "base_volume_pool": null,
            "format": "qcow2",
            "id": "/var/lib/libvirt/images/ubuntu-remote_vm2.qcow2",
            "name": "ubuntu-remote_vm2.qcow2",
            "pool": "default",
            "size": 3758096384,
            "source": "https://cloud-images.ubuntu.com/noble/current/noble-server-cloudimg-amd64.img",
            "xml": []
          },
          "sensitive_attributes": [],
          "private": "bnVsbA=="
        }
      ]
    }
  ],
  "check_results": null
}
