{
  "version": 4,
  "terraform_version": "1.10.4",
  "serial": 1280,
  "lineage": "73b1c470-14ed-0d60-9728-36363ee41768",
  "outputs": {},
  "resources": [
    {
      "module": "module.instance1",
      "mode": "data",
      "type": "template_file",
      "name": "user_data",
      "provider": "provider[\"registry.terraform.io/hashicorp/template\"]",
      "instances": [
        {
          "schema_version": 0,
          "attributes": {
            "filename": null,
            "id": "e1da0875e39dcad89859a74294bb42790cbfe6e305ee7e100f137f0f61457a89",
            "rendered": "#cloud-config\nhostname: crossland\nfqdn: cross.land\nusers:\n  - name: cross\n    sudo: ALL=(ALL) NOPASSWD:ALL\n    groups: users, admin\n    home: /home/cross\n    shell: /bin/bash\n    lock_passwd: false\n    ssh-authorized-keys:\n      - ssh-rsa AAAAB3NzaC1yc2EAAAADAQABAAACAQCysqqyHSVnKSoyqAI/HtLuaiE9Fcr8jmBJO+C9xinWfE7rOGdjTHjGntYVSZ12r9BaoTayKRS1aMisOdbLFDDU9D3+NZ+XvpLjWYhGJmwciKRetJcci/AzCIfPnDbF7nP38gytFzFtbnijn86eBtctPWM6+5Nar1C7GkqmIzToW02dAPlFjhPr9pV0XHUbfmLIap7f15M+1PsBszHd2mUaZuSS4sfML9WjxdzcG1CtuLaQ88UMK3+F5YATwrZWwgn4Qk0P+0HBljWeywjvc0ZkeLndxw67embK/nzDAUy+kHjBoiybaTC/zcGBJ9KlX5ui4zYo254ibLBMu/t0xf1GEZiWXs3fG6s1WHnviU+LIp24910fUXDnCnOzFJ2SRZA5PfVChFHTCB5+N3nslucjHzUDSM1f/1byqzwZwG/6ye3aCZ3UUkF3Q4WfF1nQQ9ET1HuhlpXZgQlfdq14f+4NbNMWpwORWVNfbt/pwQce/bQiBdibwOW2VQqh0OoAhcGHuJFExQ3LBaJzYtpG0ZDq7h0nJqnd1WBcCALTyiNsaHfm3YCMDMw7mxUBJPBahfVrveCYGkFUYrTlpVoUUhOotAnMKxFBfO/jZslzxWTdUnd3eScRcEmTA5LOhhDgY94WN+fEFa82kg4u1KxvjEA7XNPaBQw/cOEVn+iE82KuBw== cross@zenbook\nssh_pwauth: true\nchpasswd:\n  list: |\n     cross:rtlry\n  expire: False\n",
            "template": "#cloud-config\nhostname: crossland\nfqdn: cross.land\nusers:\n  - name: cross\n    sudo: ALL=(ALL) NOPASSWD:ALL\n    groups: users, admin\n    home: /home/cross\n    shell: /bin/bash\n    lock_passwd: false\n    ssh-authorized-keys:\n      - ssh-rsa AAAAB3NzaC1yc2EAAAADAQABAAACAQCysqqyHSVnKSoyqAI/HtLuaiE9Fcr8jmBJO+C9xinWfE7rOGdjTHjGntYVSZ12r9BaoTayKRS1aMisOdbLFDDU9D3+NZ+XvpLjWYhGJmwciKRetJcci/AzCIfPnDbF7nP38gytFzFtbnijn86eBtctPWM6+5Nar1C7GkqmIzToW02dAPlFjhPr9pV0XHUbfmLIap7f15M+1PsBszHd2mUaZuSS4sfML9WjxdzcG1CtuLaQ88UMK3+F5YATwrZWwgn4Qk0P+0HBljWeywjvc0ZkeLndxw67embK/nzDAUy+kHjBoiybaTC/zcGBJ9KlX5ui4zYo254ibLBMu/t0xf1GEZiWXs3fG6s1WHnviU+LIp24910fUXDnCnOzFJ2SRZA5PfVChFHTCB5+N3nslucjHzUDSM1f/1byqzwZwG/6ye3aCZ3UUkF3Q4WfF1nQQ9ET1HuhlpXZgQlfdq14f+4NbNMWpwORWVNfbt/pwQce/bQiBdibwOW2VQqh0OoAhcGHuJFExQ3LBaJzYtpG0ZDq7h0nJqnd1WBcCALTyiNsaHfm3YCMDMw7mxUBJPBahfVrveCYGkFUYrTlpVoUUhOotAnMKxFBfO/jZslzxWTdUnd3eScRcEmTA5LOhhDgY94WN+fEFa82kg4u1KxvjEA7XNPaBQw/cOEVn+iE82KuBw== cross@zenbook\nssh_pwauth: true\nchpasswd:\n  list: |\n     cross:rtlry\n  expire: False\n",
            "vars": null
          },
          "sensitive_attributes": []
        }
      ]
    },
    {
      "module": "module.instance1",
      "mode": "managed",
      "type": "libvirt_cloudinit_disk",
      "name": "commoninit",
      "provider": "provider[\"registry.terraform.io/dmacvicar/libvirt\"].local",
      "instances": [
        {
          "schema_version": 0,
          "attributes": {
            "id": "/var/lib/libvirt/images/commoninit-instance1.iso;44ee2e9c-7d42-49a1-8958-6c76ff09c1ab",
            "meta_data": "",
            "name": "commoninit-instance1.iso",
            "network_config": "",
            "pool": "default",
            "user_data": "#cloud-config\nhostname: crossland\nfqdn: cross.land\nusers:\n  - name: cross\n    sudo: ALL=(ALL) NOPASSWD:ALL\n    groups: users, admin\n    home: /home/cross\n    shell: /bin/bash\n    lock_passwd: false\n    ssh-authorized-keys:\n      - ssh-rsa AAAAB3NzaC1yc2EAAAADAQABAAACAQCysqqyHSVnKSoyqAI/HtLuaiE9Fcr8jmBJO+C9xinWfE7rOGdjTHjGntYVSZ12r9BaoTayKRS1aMisOdbLFDDU9D3+NZ+XvpLjWYhGJmwciKRetJcci/AzCIfPnDbF7nP38gytFzFtbnijn86eBtctPWM6+5Nar1C7GkqmIzToW02dAPlFjhPr9pV0XHUbfmLIap7f15M+1PsBszHd2mUaZuSS4sfML9WjxdzcG1CtuLaQ88UMK3+F5YATwrZWwgn4Qk0P+0HBljWeywjvc0ZkeLndxw67embK/nzDAUy+kHjBoiybaTC/zcGBJ9KlX5ui4zYo254ibLBMu/t0xf1GEZiWXs3fG6s1WHnviU+LIp24910fUXDnCnOzFJ2SRZA5PfVChFHTCB5+N3nslucjHzUDSM1f/1byqzwZwG/6ye3aCZ3UUkF3Q4WfF1nQQ9ET1HuhlpXZgQlfdq14f+4NbNMWpwORWVNfbt/pwQce/bQiBdibwOW2VQqh0OoAhcGHuJFExQ3LBaJzYtpG0ZDq7h0nJqnd1WBcCALTyiNsaHfm3YCMDMw7mxUBJPBahfVrveCYGkFUYrTlpVoUUhOotAnMKxFBfO/jZslzxWTdUnd3eScRcEmTA5LOhhDgY94WN+fEFa82kg4u1KxvjEA7XNPaBQw/cOEVn+iE82KuBw== cross@zenbook\nssh_pwauth: true\nchpasswd:\n  list: |\n     cross:rtlry\n  expire: False\n"
          },
          "sensitive_attributes": [],
          "private": "bnVsbA==",
          "dependencies": [
            "module.instance1.data.template_file.user_data"
          ]
        }
      ]
    },
    {
      "module": "module.instance1",
      "mode": "managed",
      "type": "libvirt_domain",
      "name": "instance",
      "provider": "provider[\"registry.terraform.io/dmacvicar/libvirt\"].local",
      "instances": [
        {
          "schema_version": 0,
          "attributes": {
            "arch": "x86_64",
            "autostart": false,
            "boot_device": [],
            "cloudinit": "/var/lib/libvirt/images/commoninit-instance1.iso;44ee2e9c-7d42-49a1-8958-6c76ff09c1ab",
            "cmdline": null,
            "console": [
              {
                "source_host": "127.0.0.1",
                "source_path": "",
                "source_service": "0",
                "target_port": "0",
                "target_type": "serial",
                "type": "pty"
              }
            ],
            "coreos_ignition": null,
            "cpu": [
              {
                "mode": "custom"
              }
            ],
            "description": "",
            "disk": [
              {
                "block_device": "",
                "file": "",
                "scsi": false,
                "url": "",
                "volume_id": "/var/lib/libvirt/images/vm-disk-instance1",
                "wwn": ""
              }
            ],
            "emulator": "/usr/bin/qemu-system-x86_64",
            "filesystem": [],
            "firmware": null,
            "fw_cfg_name": "opt/com.coreos/config",
            "graphics": [
              {
                "autoport": true,
                "listen_address": "127.0.0.1",
                "listen_type": "address",
                "type": "spice",
                "websocket": 0
              }
            ],
            "id": "8079686c-9005-40e2-9621-b30a55f72b17",
            "initrd": "",
            "kernel": "",
            "machine": "ubuntu",
            "memory": 2048,
            "metadata": null,
            "name": "instance1",
            "network_interface": [
              {
                "addresses": [],
                "bridge": "br-test",
                "hostname": "",
                "mac": "52:54:00:AA:8C:03",
                "macvtap": "",
                "network_id": "",
                "network_name": "",
                "passthrough": "",
                "vepa": "",
                "wait_for_lease": false
              }
            ],
            "nvram": [],
            "qemu_agent": false,
            "running": true,
            "timeouts": null,
            "tpm": [],
            "vcpu": 2,
            "video": [],
            "xml": []
          },
          "sensitive_attributes": [],
          "private": "eyJlMmJmYjczMC1lY2FhLTExZTYtOGY4OC0zNDM2M2JjN2M0YzAiOnsiY3JlYXRlIjozMDAwMDAwMDAwMDB9fQ==",
          "dependencies": [
            "module.instance1.data.template_file.user_data",
            "module.instance1.libvirt_cloudinit_disk.commoninit",
            "module.instance1.libvirt_volume.disk",
            "module.instance1.libvirt_volume.ubuntu-qcow2"
          ]
        }
      ]
    },
    {
      "module": "module.instance1",
      "mode": "managed",
      "type": "libvirt_volume",
      "name": "disk",
      "provider": "provider[\"registry.terraform.io/dmacvicar/libvirt\"].local",
      "instances": [
        {
          "schema_version": 0,
          "attributes": {
            "base_volume_id": "/var/lib/libvirt/images/ubuntu-instance1.qcow2",
            "base_volume_name": null,
            "base_volume_pool": null,
            "format": "qcow2",
            "id": "/var/lib/libvirt/images/vm-disk-instance1",
            "name": "vm-disk-instance1",
            "pool": "default",
            "size": 10737418240,
            "source": null,
            "xml": []
          },
          "sensitive_attributes": [],
          "private": "bnVsbA==",
          "dependencies": [
            "module.instance1.libvirt_volume.ubuntu-qcow2"
          ]
        }
      ]
    },
    {
      "module": "module.instance1",
      "mode": "managed",
      "type": "libvirt_volume",
      "name": "ubuntu-qcow2",
      "provider": "provider[\"registry.terraform.io/dmacvicar/libvirt\"].local",
      "instances": [
        {
          "schema_version": 0,
          "attributes": {
            "base_volume_id": null,
            "base_volume_name": null,
            "base_volume_pool": null,
            "format": "qcow2",
            "id": "/var/lib/libvirt/images/ubuntu-instance1.qcow2",
            "name": "ubuntu-instance1.qcow2",
            "pool": "default",
            "size": 3758096384,
            "source": "https://cloud-images.ubuntu.com/noble/current/noble-server-cloudimg-amd64.img",
            "xml": []
          },
          "sensitive_attributes": [],
          "private": "bnVsbA=="
        }
      ]
    },
    {
      "module": "module.instance2",
      "mode": "data",
      "type": "template_file",
      "name": "user_data",
      "provider": "provider[\"registry.terraform.io/hashicorp/template\"]",
      "instances": [
        {
          "schema_version": 0,
          "attributes": {
            "filename": null,
            "id": "e1da0875e39dcad89859a74294bb42790cbfe6e305ee7e100f137f0f61457a89",
            "rendered": "#cloud-config\nhostname: crossland\nfqdn: cross.land\nusers:\n  - name: cross\n    sudo: ALL=(ALL) NOPASSWD:ALL\n    groups: users, admin\n    home: /home/cross\n    shell: /bin/bash\n    lock_passwd: false\n    ssh-authorized-keys:\n      - ssh-rsa AAAAB3NzaC1yc2EAAAADAQABAAACAQCysqqyHSVnKSoyqAI/HtLuaiE9Fcr8jmBJO+C9xinWfE7rOGdjTHjGntYVSZ12r9BaoTayKRS1aMisOdbLFDDU9D3+NZ+XvpLjWYhGJmwciKRetJcci/AzCIfPnDbF7nP38gytFzFtbnijn86eBtctPWM6+5Nar1C7GkqmIzToW02dAPlFjhPr9pV0XHUbfmLIap7f15M+1PsBszHd2mUaZuSS4sfML9WjxdzcG1CtuLaQ88UMK3+F5YATwrZWwgn4Qk0P+0HBljWeywjvc0ZkeLndxw67embK/nzDAUy+kHjBoiybaTC/zcGBJ9KlX5ui4zYo254ibLBMu/t0xf1GEZiWXs3fG6s1WHnviU+LIp24910fUXDnCnOzFJ2SRZA5PfVChFHTCB5+N3nslucjHzUDSM1f/1byqzwZwG/6ye3aCZ3UUkF3Q4WfF1nQQ9ET1HuhlpXZgQlfdq14f+4NbNMWpwORWVNfbt/pwQce/bQiBdibwOW2VQqh0OoAhcGHuJFExQ3LBaJzYtpG0ZDq7h0nJqnd1WBcCALTyiNsaHfm3YCMDMw7mxUBJPBahfVrveCYGkFUYrTlpVoUUhOotAnMKxFBfO/jZslzxWTdUnd3eScRcEmTA5LOhhDgY94WN+fEFa82kg4u1KxvjEA7XNPaBQw/cOEVn+iE82KuBw== cross@zenbook\nssh_pwauth: true\nchpasswd:\n  list: |\n     cross:rtlry\n  expire: False\n",
            "template": "#cloud-config\nhostname: crossland\nfqdn: cross.land\nusers:\n  - name: cross\n    sudo: ALL=(ALL) NOPASSWD:ALL\n    groups: users, admin\n    home: /home/cross\n    shell: /bin/bash\n    lock_passwd: false\n    ssh-authorized-keys:\n      - ssh-rsa AAAAB3NzaC1yc2EAAAADAQABAAACAQCysqqyHSVnKSoyqAI/HtLuaiE9Fcr8jmBJO+C9xinWfE7rOGdjTHjGntYVSZ12r9BaoTayKRS1aMisOdbLFDDU9D3+NZ+XvpLjWYhGJmwciKRetJcci/AzCIfPnDbF7nP38gytFzFtbnijn86eBtctPWM6+5Nar1C7GkqmIzToW02dAPlFjhPr9pV0XHUbfmLIap7f15M+1PsBszHd2mUaZuSS4sfML9WjxdzcG1CtuLaQ88UMK3+F5YATwrZWwgn4Qk0P+0HBljWeywjvc0ZkeLndxw67embK/nzDAUy+kHjBoiybaTC/zcGBJ9KlX5ui4zYo254ibLBMu/t0xf1GEZiWXs3fG6s1WHnviU+LIp24910fUXDnCnOzFJ2SRZA5PfVChFHTCB5+N3nslucjHzUDSM1f/1byqzwZwG/6ye3aCZ3UUkF3Q4WfF1nQQ9ET1HuhlpXZgQlfdq14f+4NbNMWpwORWVNfbt/pwQce/bQiBdibwOW2VQqh0OoAhcGHuJFExQ3LBaJzYtpG0ZDq7h0nJqnd1WBcCALTyiNsaHfm3YCMDMw7mxUBJPBahfVrveCYGkFUYrTlpVoUUhOotAnMKxFBfO/jZslzxWTdUnd3eScRcEmTA5LOhhDgY94WN+fEFa82kg4u1KxvjEA7XNPaBQw/cOEVn+iE82KuBw== cross@zenbook\nssh_pwauth: true\nchpasswd:\n  list: |\n     cross:rtlry\n  expire: False\n",
            "vars": null
          },
          "sensitive_attributes": []
        }
      ]
    },
    {
      "module": "module.instance2",
      "mode": "managed",
      "type": "libvirt_cloudinit_disk",
      "name": "commoninit",
      "provider": "provider[\"registry.terraform.io/dmacvicar/libvirt\"].local",
      "instances": [
        {
          "schema_version": 0,
          "attributes": {
            "id": "/var/lib/libvirt/images/commoninit-instance2.iso;5f71a000-b8e1-4d7a-ae78-702cf2039388",
            "meta_data": "",
            "name": "commoninit-instance2.iso",
            "network_config": "",
            "pool": "default",
            "user_data": "#cloud-config\nhostname: crossland\nfqdn: cross.land\nusers:\n  - name: cross\n    sudo: ALL=(ALL) NOPASSWD:ALL\n    groups: users, admin\n    home: /home/cross\n    shell: /bin/bash\n    lock_passwd: false\n    ssh-authorized-keys:\n      - ssh-rsa AAAAB3NzaC1yc2EAAAADAQABAAACAQCysqqyHSVnKSoyqAI/HtLuaiE9Fcr8jmBJO+C9xinWfE7rOGdjTHjGntYVSZ12r9BaoTayKRS1aMisOdbLFDDU9D3+NZ+XvpLjWYhGJmwciKRetJcci/AzCIfPnDbF7nP38gytFzFtbnijn86eBtctPWM6+5Nar1C7GkqmIzToW02dAPlFjhPr9pV0XHUbfmLIap7f15M+1PsBszHd2mUaZuSS4sfML9WjxdzcG1CtuLaQ88UMK3+F5YATwrZWwgn4Qk0P+0HBljWeywjvc0ZkeLndxw67embK/nzDAUy+kHjBoiybaTC/zcGBJ9KlX5ui4zYo254ibLBMu/t0xf1GEZiWXs3fG6s1WHnviU+LIp24910fUXDnCnOzFJ2SRZA5PfVChFHTCB5+N3nslucjHzUDSM1f/1byqzwZwG/6ye3aCZ3UUkF3Q4WfF1nQQ9ET1HuhlpXZgQlfdq14f+4NbNMWpwORWVNfbt/pwQce/bQiBdibwOW2VQqh0OoAhcGHuJFExQ3LBaJzYtpG0ZDq7h0nJqnd1WBcCALTyiNsaHfm3YCMDMw7mxUBJPBahfVrveCYGkFUYrTlpVoUUhOotAnMKxFBfO/jZslzxWTdUnd3eScRcEmTA5LOhhDgY94WN+fEFa82kg4u1KxvjEA7XNPaBQw/cOEVn+iE82KuBw== cross@zenbook\nssh_pwauth: true\nchpasswd:\n  list: |\n     cross:rtlry\n  expire: False\n"
          },
          "sensitive_attributes": [],
          "private": "bnVsbA==",
          "dependencies": [
            "module.instance2.data.template_file.user_data"
          ]
        }
      ]
    },
    {
      "module": "module.instance2",
      "mode": "managed",
      "type": "libvirt_domain",
      "name": "instance",
      "provider": "provider[\"registry.terraform.io/dmacvicar/libvirt\"].local",
      "instances": [
        {
          "schema_version": 0,
          "attributes": {
            "arch": "x86_64",
            "autostart": false,
            "boot_device": [],
            "cloudinit": "/var/lib/libvirt/images/commoninit-instance2.iso;5f71a000-b8e1-4d7a-ae78-702cf2039388",
            "cmdline": null,
            "console": [
              {
                "source_host": "127.0.0.1",
                "source_path": "",
                "source_service": "0",
                "target_port": "0",
                "target_type": "serial",
                "type": "pty"
              }
            ],
            "coreos_ignition": null,
            "cpu": [
              {
                "mode": "custom"
              }
            ],
            "description": "",
            "disk": [
              {
                "block_device": "",
                "file": "",
                "scsi": false,
                "url": "",
                "volume_id": "/var/lib/libvirt/images/vm-disk-instance2",
                "wwn": ""
              }
            ],
            "emulator": "/usr/bin/qemu-system-x86_64",
            "filesystem": [],
            "firmware": null,
            "fw_cfg_name": "opt/com.coreos/config",
            "graphics": [
              {
                "autoport": true,
                "listen_address": "127.0.0.1",
                "listen_type": "address",
                "type": "spice",
                "websocket": 0
              }
            ],
            "id": "28166f4c-bc54-4604-8c88-9a7492a55c98",
            "initrd": "",
            "kernel": "",
            "machine": "ubuntu",
            "memory": 2048,
            "metadata": null,
            "name": "instance2",
            "network_interface": [
              {
                "addresses": [],
                "bridge": "br-test",
                "hostname": "",
                "mac": "52:54:00:BA:95:E6",
                "macvtap": "",
                "network_id": "",
                "network_name": "",
                "passthrough": "",
                "vepa": "",
                "wait_for_lease": false
              }
            ],
            "nvram": [],
            "qemu_agent": false,
            "running": true,
            "timeouts": null,
            "tpm": [],
            "vcpu": 2,
            "video": [],
            "xml": []
          },
          "sensitive_attributes": [],
          "private": "eyJlMmJmYjczMC1lY2FhLTExZTYtOGY4OC0zNDM2M2JjN2M0YzAiOnsiY3JlYXRlIjozMDAwMDAwMDAwMDB9fQ==",
          "dependencies": [
            "module.instance2.data.template_file.user_data",
            "module.instance2.libvirt_cloudinit_disk.commoninit",
            "module.instance2.libvirt_volume.disk",
            "module.instance2.libvirt_volume.ubuntu-qcow2"
          ]
        }
      ]
    },
    {
      "module": "module.instance2",
      "mode": "managed",
      "type": "libvirt_volume",
      "name": "disk",
      "provider": "provider[\"registry.terraform.io/dmacvicar/libvirt\"].local",
      "instances": [
        {
          "schema_version": 0,
          "attributes": {
            "base_volume_id": "/var/lib/libvirt/images/ubuntu-instance2.qcow2",
            "base_volume_name": null,
            "base_volume_pool": null,
            "format": "qcow2",
            "id": "/var/lib/libvirt/images/vm-disk-instance2",
            "name": "vm-disk-instance2",
            "pool": "default",
            "size": 10737418240,
            "source": null,
            "xml": []
          },
          "sensitive_attributes": [],
          "private": "bnVsbA==",
          "dependencies": [
            "module.instance2.libvirt_volume.ubuntu-qcow2"
          ]
        }
      ]
    },
    {
      "module": "module.instance2",
      "mode": "managed",
      "type": "libvirt_volume",
      "name": "ubuntu-qcow2",
      "provider": "provider[\"registry.terraform.io/dmacvicar/libvirt\"].local",
      "instances": [
        {
          "schema_version": 0,
          "attributes": {
            "base_volume_id": null,
            "base_volume_name": null,
            "base_volume_pool": null,
            "format": "qcow2",
            "id": "/var/lib/libvirt/images/ubuntu-instance2.qcow2",
            "name": "ubuntu-instance2.qcow2",
            "pool": "default",
            "size": 3758096384,
            "source": "https://cloud-images.ubuntu.com/noble/current/noble-server-cloudimg-amd64.img",
            "xml": []
          },
          "sensitive_attributes": [],
          "private": "bnVsbA=="
        }
      ]
    },
    {
      "module": "module.remote_instance1",
      "mode": "data",
      "type": "template_file",
      "name": "user_data",
      "provider": "provider[\"registry.terraform.io/hashicorp/template\"]",
      "instances": [
        {
          "schema_version": 0,
          "attributes": {
            "filename": null,
            "id": "e1da0875e39dcad89859a74294bb42790cbfe6e305ee7e100f137f0f61457a89",
            "rendered": "#cloud-config\nhostname: crossland\nfqdn: cross.land\nusers:\n  - name: cross\n    sudo: ALL=(ALL) NOPASSWD:ALL\n    groups: users, admin\n    home: /home/cross\n    shell: /bin/bash\n    lock_passwd: false\n    ssh-authorized-keys:\n      - ssh-rsa AAAAB3NzaC1yc2EAAAADAQABAAACAQCysqqyHSVnKSoyqAI/HtLuaiE9Fcr8jmBJO+C9xinWfE7rOGdjTHjGntYVSZ12r9BaoTayKRS1aMisOdbLFDDU9D3+NZ+XvpLjWYhGJmwciKRetJcci/AzCIfPnDbF7nP38gytFzFtbnijn86eBtctPWM6+5Nar1C7GkqmIzToW02dAPlFjhPr9pV0XHUbfmLIap7f15M+1PsBszHd2mUaZuSS4sfML9WjxdzcG1CtuLaQ88UMK3+F5YATwrZWwgn4Qk0P+0HBljWeywjvc0ZkeLndxw67embK/nzDAUy+kHjBoiybaTC/zcGBJ9KlX5ui4zYo254ibLBMu/t0xf1GEZiWXs3fG6s1WHnviU+LIp24910fUXDnCnOzFJ2SRZA5PfVChFHTCB5+N3nslucjHzUDSM1f/1byqzwZwG/6ye3aCZ3UUkF3Q4WfF1nQQ9ET1HuhlpXZgQlfdq14f+4NbNMWpwORWVNfbt/pwQce/bQiBdibwOW2VQqh0OoAhcGHuJFExQ3LBaJzYtpG0ZDq7h0nJqnd1WBcCALTyiNsaHfm3YCMDMw7mxUBJPBahfVrveCYGkFUYrTlpVoUUhOotAnMKxFBfO/jZslzxWTdUnd3eScRcEmTA5LOhhDgY94WN+fEFa82kg4u1KxvjEA7XNPaBQw/cOEVn+iE82KuBw== cross@zenbook\nssh_pwauth: true\nchpasswd:\n  list: |\n     cross:rtlry\n  expire: False\n",
            "template": "#cloud-config\nhostname: crossland\nfqdn: cross.land\nusers:\n  - name: cross\n    sudo: ALL=(ALL) NOPASSWD:ALL\n    groups: users, admin\n    home: /home/cross\n    shell: /bin/bash\n    lock_passwd: false\n    ssh-authorized-keys:\n      - ssh-rsa AAAAB3NzaC1yc2EAAAADAQABAAACAQCysqqyHSVnKSoyqAI/HtLuaiE9Fcr8jmBJO+C9xinWfE7rOGdjTHjGntYVSZ12r9BaoTayKRS1aMisOdbLFDDU9D3+NZ+XvpLjWYhGJmwciKRetJcci/AzCIfPnDbF7nP38gytFzFtbnijn86eBtctPWM6+5Nar1C7GkqmIzToW02dAPlFjhPr9pV0XHUbfmLIap7f15M+1PsBszHd2mUaZuSS4sfML9WjxdzcG1CtuLaQ88UMK3+F5YATwrZWwgn4Qk0P+0HBljWeywjvc0ZkeLndxw67embK/nzDAUy+kHjBoiybaTC/zcGBJ9KlX5ui4zYo254ibLBMu/t0xf1GEZiWXs3fG6s1WHnviU+LIp24910fUXDnCnOzFJ2SRZA5PfVChFHTCB5+N3nslucjHzUDSM1f/1byqzwZwG/6ye3aCZ3UUkF3Q4WfF1nQQ9ET1HuhlpXZgQlfdq14f+4NbNMWpwORWVNfbt/pwQce/bQiBdibwOW2VQqh0OoAhcGHuJFExQ3LBaJzYtpG0ZDq7h0nJqnd1WBcCALTyiNsaHfm3YCMDMw7mxUBJPBahfVrveCYGkFUYrTlpVoUUhOotAnMKxFBfO/jZslzxWTdUnd3eScRcEmTA5LOhhDgY94WN+fEFa82kg4u1KxvjEA7XNPaBQw/cOEVn+iE82KuBw== cross@zenbook\nssh_pwauth: true\nchpasswd:\n  list: |\n     cross:rtlry\n  expire: False\n",
            "vars": null
          },
          "sensitive_attributes": []
        }
      ]
    },
    {
      "module": "module.remote_instance1",
      "mode": "managed",
      "type": "libvirt_cloudinit_disk",
      "name": "commoninit",
      "provider": "provider[\"registry.terraform.io/dmacvicar/libvirt\"].remote",
      "instances": [
        {
          "schema_version": 0,
          "attributes": {
            "id": "/var/lib/libvirt/images/commoninit-remote_vm1.iso;ac4110f0-02ad-49d8-b62c-d505c8cece87",
            "meta_data": "",
            "name": "commoninit-remote_vm1.iso",
            "network_config": "",
            "pool": "default",
            "user_data": "#cloud-config\nhostname: crossland\nfqdn: cross.land\nusers:\n  - name: cross\n    sudo: ALL=(ALL) NOPASSWD:ALL\n    groups: users, admin\n    home: /home/cross\n    shell: /bin/bash\n    lock_passwd: false\n    ssh-authorized-keys:\n      - ssh-rsa AAAAB3NzaC1yc2EAAAADAQABAAACAQCysqqyHSVnKSoyqAI/HtLuaiE9Fcr8jmBJO+C9xinWfE7rOGdjTHjGntYVSZ12r9BaoTayKRS1aMisOdbLFDDU9D3+NZ+XvpLjWYhGJmwciKRetJcci/AzCIfPnDbF7nP38gytFzFtbnijn86eBtctPWM6+5Nar1C7GkqmIzToW02dAPlFjhPr9pV0XHUbfmLIap7f15M+1PsBszHd2mUaZuSS4sfML9WjxdzcG1CtuLaQ88UMK3+F5YATwrZWwgn4Qk0P+0HBljWeywjvc0ZkeLndxw67embK/nzDAUy+kHjBoiybaTC/zcGBJ9KlX5ui4zYo254ibLBMu/t0xf1GEZiWXs3fG6s1WHnviU+LIp24910fUXDnCnOzFJ2SRZA5PfVChFHTCB5+N3nslucjHzUDSM1f/1byqzwZwG/6ye3aCZ3UUkF3Q4WfF1nQQ9ET1HuhlpXZgQlfdq14f+4NbNMWpwORWVNfbt/pwQce/bQiBdibwOW2VQqh0OoAhcGHuJFExQ3LBaJzYtpG0ZDq7h0nJqnd1WBcCALTyiNsaHfm3YCMDMw7mxUBJPBahfVrveCYGkFUYrTlpVoUUhOotAnMKxFBfO/jZslzxWTdUnd3eScRcEmTA5LOhhDgY94WN+fEFa82kg4u1KxvjEA7XNPaBQw/cOEVn+iE82KuBw== cross@zenbook\nssh_pwauth: true\nchpasswd:\n  list: |\n     cross:rtlry\n  expire: False\n"
          },
          "sensitive_attributes": [],
          "private": "bnVsbA==",
          "dependencies": [
            "module.remote_instance1.data.template_file.user_data"
          ]
        }
      ]
    },
    {
      "module": "module.remote_instance1",
      "mode": "managed",
      "type": "libvirt_domain",
      "name": "instance",
      "provider": "provider[\"registry.terraform.io/dmacvicar/libvirt\"].remote",
      "instances": [
        {
          "schema_version": 0,
          "attributes": {
            "arch": "x86_64",
            "autostart": false,
            "boot_device": [],
            "cloudinit": "/var/lib/libvirt/images/commoninit-remote_vm1.iso;ac4110f0-02ad-49d8-b62c-d505c8cece87",
            "cmdline": null,
            "console": [
              {
                "source_host": "127.0.0.1",
                "source_path": "",
                "source_service": "0",
                "target_port": "0",
                "target_type": "serial",
                "type": "pty"
              }
            ],
            "coreos_ignition": null,
            "cpu": [
              {
                "mode": "custom"
              }
            ],
            "description": "",
            "disk": [
              {
                "block_device": "",
                "file": "",
                "scsi": false,
                "url": "",
                "volume_id": "/var/lib/libvirt/images/vm-disk-remote_vm1",
                "wwn": ""
              }
            ],
            "emulator": "/usr/bin/qemu-system-x86_64",
            "filesystem": [],
            "firmware": null,
            "fw_cfg_name": "opt/com.coreos/config",
            "graphics": [
              {
                "autoport": true,
                "listen_address": "127.0.0.1",
                "listen_type": "address",
                "type": "spice",
                "websocket": 0
              }
            ],
            "id": "299c1cc7-9160-4ef9-bdf1-d7cfa49b7d2d",
            "initrd": "",
            "kernel": "",
            "machine": "ubuntu",
            "memory": 2048,
            "metadata": null,
            "name": "remote_vm1",
            "network_interface": [
              {
                "addresses": [],
                "bridge": "br-test",
                "hostname": "",
                "mac": "52:54:00:AB:65:F5",
                "macvtap": "",
                "network_id": "",
                "network_name": "",
                "passthrough": "",
                "vepa": "",
                "wait_for_lease": false
              }
            ],
            "nvram": [],
            "qemu_agent": false,
            "running": true,
            "timeouts": null,
            "tpm": [],
            "vcpu": 2,
            "video": [],
            "xml": []
          },
          "sensitive_attributes": [],
          "private": "eyJlMmJmYjczMC1lY2FhLTExZTYtOGY4OC0zNDM2M2JjN2M0YzAiOnsiY3JlYXRlIjozMDAwMDAwMDAwMDB9fQ==",
          "dependencies": [
            "module.remote_instance1.data.template_file.user_data",
            "module.remote_instance1.libvirt_cloudinit_disk.commoninit",
            "module.remote_instance1.libvirt_volume.disk",
            "module.remote_instance1.libvirt_volume.ubuntu-qcow2"
          ]
        }
      ]
    },
    {
      "module": "module.remote_instance1",
      "mode": "managed",
      "type": "libvirt_volume",
      "name": "disk",
      "provider": "provider[\"registry.terraform.io/dmacvicar/libvirt\"].remote",
      "instances": [
        {
          "schema_version": 0,
          "attributes": {
            "base_volume_id": "/var/lib/libvirt/images/ubuntu-remote_vm1.qcow2",
            "base_volume_name": null,
            "base_volume_pool": null,
            "format": "qcow2",
            "id": "/var/lib/libvirt/images/vm-disk-remote_vm1",
            "name": "vm-disk-remote_vm1",
            "pool": "default",
            "size": 10737418240,
            "source": null,
            "xml": []
          },
          "sensitive_attributes": [],
          "private": "bnVsbA==",
          "dependencies": [
            "module.remote_instance1.libvirt_volume.ubuntu-qcow2"
          ]
        }
      ]
    },
    {
      "module": "module.remote_instance1",
      "mode": "managed",
      "type": "libvirt_volume",
      "name": "ubuntu-qcow2",
      "provider": "provider[\"registry.terraform.io/dmacvicar/libvirt\"].remote",
      "instances": [
        {
          "schema_version": 0,
          "attributes": {
            "base_volume_id": null,
            "base_volume_name": null,
            "base_volume_pool": null,
            "format": "qcow2",
            "id": "/var/lib/libvirt/images/ubuntu-remote_vm1.qcow2",
            "name": "ubuntu-remote_vm1.qcow2",
            "pool": "default",
            "size": 3758096384,
            "source": "https://cloud-images.ubuntu.com/noble/current/noble-server-cloudimg-amd64.img",
            "xml": []
          },
          "sensitive_attributes": [],
          "private": "bnVsbA=="
        }
      ]
    },
    {
      "module": "module.remote_instance2",
      "mode": "data",
      "type": "template_file",
      "name": "user_data",
      "provider": "provider[\"registry.terraform.io/hashicorp/template\"]",
      "instances": [
        {
          "schema_version": 0,
          "attributes": {
            "filename": null,
            "id": "e1da0875e39dcad89859a74294bb42790cbfe6e305ee7e100f137f0f61457a89",
            "rendered": "#cloud-config\nhostname: crossland\nfqdn: cross.land\nusers:\n  - name: cross\n    sudo: ALL=(ALL) NOPASSWD:ALL\n    groups: users, admin\n    home: /home/cross\n    shell: /bin/bash\n    lock_passwd: false\n    ssh-authorized-keys:\n      - ssh-rsa AAAAB3NzaC1yc2EAAAADAQABAAACAQCysqqyHSVnKSoyqAI/HtLuaiE9Fcr8jmBJO+C9xinWfE7rOGdjTHjGntYVSZ12r9BaoTayKRS1aMisOdbLFDDU9D3+NZ+XvpLjWYhGJmwciKRetJcci/AzCIfPnDbF7nP38gytFzFtbnijn86eBtctPWM6+5Nar1C7GkqmIzToW02dAPlFjhPr9pV0XHUbfmLIap7f15M+1PsBszHd2mUaZuSS4sfML9WjxdzcG1CtuLaQ88UMK3+F5YATwrZWwgn4Qk0P+0HBljWeywjvc0ZkeLndxw67embK/nzDAUy+kHjBoiybaTC/zcGBJ9KlX5ui4zYo254ibLBMu/t0xf1GEZiWXs3fG6s1WHnviU+LIp24910fUXDnCnOzFJ2SRZA5PfVChFHTCB5+N3nslucjHzUDSM1f/1byqzwZwG/6ye3aCZ3UUkF3Q4WfF1nQQ9ET1HuhlpXZgQlfdq14f+4NbNMWpwORWVNfbt/pwQce/bQiBdibwOW2VQqh0OoAhcGHuJFExQ3LBaJzYtpG0ZDq7h0nJqnd1WBcCALTyiNsaHfm3YCMDMw7mxUBJPBahfVrveCYGkFUYrTlpVoUUhOotAnMKxFBfO/jZslzxWTdUnd3eScRcEmTA5LOhhDgY94WN+fEFa82kg4u1KxvjEA7XNPaBQw/cOEVn+iE82KuBw== cross@zenbook\nssh_pwauth: true\nchpasswd:\n  list: |\n     cross:rtlry\n  expire: False\n",
            "template": "#cloud-config\nhostname: crossland\nfqdn: cross.land\nusers:\n  - name: cross\n    sudo: ALL=(ALL) NOPASSWD:ALL\n    groups: users, admin\n    home: /home/cross\n    shell: /bin/bash\n    lock_passwd: false\n    ssh-authorized-keys:\n      - ssh-rsa AAAAB3NzaC1yc2EAAAADAQABAAACAQCysqqyHSVnKSoyqAI/HtLuaiE9Fcr8jmBJO+C9xinWfE7rOGdjTHjGntYVSZ12r9BaoTayKRS1aMisOdbLFDDU9D3+NZ+XvpLjWYhGJmwciKRetJcci/AzCIfPnDbF7nP38gytFzFtbnijn86eBtctPWM6+5Nar1C7GkqmIzToW02dAPlFjhPr9pV0XHUbfmLIap7f15M+1PsBszHd2mUaZuSS4sfML9WjxdzcG1CtuLaQ88UMK3+F5YATwrZWwgn4Qk0P+0HBljWeywjvc0ZkeLndxw67embK/nzDAUy+kHjBoiybaTC/zcGBJ9KlX5ui4zYo254ibLBMu/t0xf1GEZiWXs3fG6s1WHnviU+LIp24910fUXDnCnOzFJ2SRZA5PfVChFHTCB5+N3nslucjHzUDSM1f/1byqzwZwG/6ye3aCZ3UUkF3Q4WfF1nQQ9ET1HuhlpXZgQlfdq14f+4NbNMWpwORWVNfbt/pwQce/bQiBdibwOW2VQqh0OoAhcGHuJFExQ3LBaJzYtpG0ZDq7h0nJqnd1WBcCALTyiNsaHfm3YCMDMw7mxUBJPBahfVrveCYGkFUYrTlpVoUUhOotAnMKxFBfO/jZslzxWTdUnd3eScRcEmTA5LOhhDgY94WN+fEFa82kg4u1KxvjEA7XNPaBQw/cOEVn+iE82KuBw== cross@zenbook\nssh_pwauth: true\nchpasswd:\n  list: |\n     cross:rtlry\n  expire: False\n",
            "vars": null
          },
          "sensitive_attributes": []
        }
      ]
    },
    {
      "module": "module.remote_instance2",
      "mode": "managed",
      "type": "libvirt_cloudinit_disk",
      "name": "commoninit",
      "provider": "provider[\"registry.terraform.io/dmacvicar/libvirt\"].remote",
      "instances": [
        {
          "schema_version": 0,
          "attributes": {
            "id": "/var/lib/libvirt/images/commoninit-remote_vm2.iso;e69079c2-25de-4ad9-bdb8-98b4948be1bc",
            "meta_data": "",
            "name": "commoninit-remote_vm2.iso",
            "network_config": "",
            "pool": "default",
            "user_data": "#cloud-config\nhostname: crossland\nfqdn: cross.land\nusers:\n  - name: cross\n    sudo: ALL=(ALL) NOPASSWD:ALL\n    groups: users, admin\n    home: /home/cross\n    shell: /bin/bash\n    lock_passwd: false\n    ssh-authorized-keys:\n      - ssh-rsa AAAAB3NzaC1yc2EAAAADAQABAAACAQCysqqyHSVnKSoyqAI/HtLuaiE9Fcr8jmBJO+C9xinWfE7rOGdjTHjGntYVSZ12r9BaoTayKRS1aMisOdbLFDDU9D3+NZ+XvpLjWYhGJmwciKRetJcci/AzCIfPnDbF7nP38gytFzFtbnijn86eBtctPWM6+5Nar1C7GkqmIzToW02dAPlFjhPr9pV0XHUbfmLIap7f15M+1PsBszHd2mUaZuSS4sfML9WjxdzcG1CtuLaQ88UMK3+F5YATwrZWwgn4Qk0P+0HBljWeywjvc0ZkeLndxw67embK/nzDAUy+kHjBoiybaTC/zcGBJ9KlX5ui4zYo254ibLBMu/t0xf1GEZiWXs3fG6s1WHnviU+LIp24910fUXDnCnOzFJ2SRZA5PfVChFHTCB5+N3nslucjHzUDSM1f/1byqzwZwG/6ye3aCZ3UUkF3Q4WfF1nQQ9ET1HuhlpXZgQlfdq14f+4NbNMWpwORWVNfbt/pwQce/bQiBdibwOW2VQqh0OoAhcGHuJFExQ3LBaJzYtpG0ZDq7h0nJqnd1WBcCALTyiNsaHfm3YCMDMw7mxUBJPBahfVrveCYGkFUYrTlpVoUUhOotAnMKxFBfO/jZslzxWTdUnd3eScRcEmTA5LOhhDgY94WN+fEFa82kg4u1KxvjEA7XNPaBQw/cOEVn+iE82KuBw== cross@zenbook\nssh_pwauth: true\nchpasswd:\n  list: |\n     cross:rtlry\n  expire: False\n"
          },
          "sensitive_attributes": [],
          "private": "bnVsbA==",
          "dependencies": [
            "module.remote_instance2.data.template_file.user_data"
          ]
        }
      ]
    },
    {
      "module": "module.remote_instance2",
      "mode": "managed",
      "type": "libvirt_domain",
      "name": "instance",
      "provider": "provider[\"registry.terraform.io/dmacvicar/libvirt\"].remote",
      "instances": [
        {
          "schema_version": 0,
          "attributes": {
            "arch": "x86_64",
            "autostart": false,
            "boot_device": [],
            "cloudinit": "/var/lib/libvirt/images/commoninit-remote_vm2.iso;e69079c2-25de-4ad9-bdb8-98b4948be1bc",
            "cmdline": null,
            "console": [
              {
                "source_host": "127.0.0.1",
                "source_path": "",
                "source_service": "0",
                "target_port": "0",
                "target_type": "serial",
                "type": "pty"
              }
            ],
            "coreos_ignition": null,
            "cpu": [
              {
                "mode": "custom"
              }
            ],
            "description": "",
            "disk": [
              {
                "block_device": "",
                "file": "",
                "scsi": false,
                "url": "",
                "volume_id": "/var/lib/libvirt/images/vm-disk-remote_vm2",
                "wwn": ""
              }
            ],
            "emulator": "/usr/bin/qemu-system-x86_64",
            "filesystem": [],
            "firmware": null,
            "fw_cfg_name": "opt/com.coreos/config",
            "graphics": [
              {
                "autoport": true,
                "listen_address": "127.0.0.1",
                "listen_type": "address",
                "type": "spice",
                "websocket": 0
              }
            ],
            "id": "355b9243-4513-454d-b9f6-25f65952702e",
            "initrd": "",
            "kernel": "",
            "machine": "ubuntu",
            "memory": 2048,
            "metadata": null,
            "name": "remote_vm2",
            "network_interface": [
              {
                "addresses": [],
                "bridge": "br-test",
                "hostname": "",
                "mac": "52:54:00:AE:75:F9",
                "macvtap": "",
                "network_id": "",
                "network_name": "",
                "passthrough": "",
                "vepa": "",
                "wait_for_lease": false
              }
            ],
            "nvram": [],
            "qemu_agent": false,
            "running": true,
            "timeouts": null,
            "tpm": [],
            "vcpu": 2,
            "video": [],
            "xml": []
          },
          "sensitive_attributes": [],
          "private": "eyJlMmJmYjczMC1lY2FhLTExZTYtOGY4OC0zNDM2M2JjN2M0YzAiOnsiY3JlYXRlIjozMDAwMDAwMDAwMDB9fQ==",
          "dependencies": [
            "module.remote_instance2.data.template_file.user_data",
            "module.remote_instance2.libvirt_cloudinit_disk.commoninit",
            "module.remote_instance2.libvirt_volume.disk",
            "module.remote_instance2.libvirt_volume.ubuntu-qcow2"
          ]
        }
      ]
    },
    {
      "module": "module.remote_instance2",
      "mode": "managed",
      "type": "libvirt_volume",
      "name": "disk",
      "provider": "provider[\"registry.terraform.io/dmacvicar/libvirt\"].remote",
      "instances": [
        {
          "schema_version": 0,
          "attributes": {
            "base_volume_id": "/var/lib/libvirt/images/ubuntu-remote_vm2.qcow2",
            "base_volume_name": null,
            "base_volume_pool": null,
            "format": "qcow2",
            "id": "/var/lib/libvirt/images/vm-disk-remote_vm2",
            "name": "vm-disk-remote_vm2",
            "pool": "default",
            "size": 10737418240,
            "source": null,
            "xml": []
          },
          "sensitive_attributes": [],
          "private": "bnVsbA==",
          "dependencies": [
            "module.remote_instance2.libvirt_volume.ubuntu-qcow2"
          ]
        }
      ]
    },
    {
      "module": "module.remote_instance2",
      "mode": "managed",
      "type": "libvirt_volume",
      "name": "ubuntu-qcow2",
      "provider": "provider[\"registry.terraform.io/dmacvicar/libvirt\"].remote",
      "instances": [
        {
          "schema_version": 0,
          "attributes": {
            "base_volume_id": null,
            "base_volume_name": null,
            "base_volume_pool": null,
            "format": "qcow2",
            "id": "/var/lib/libvirt/images/ubuntu-remote_vm2.qcow2",
            "name": "ubuntu-remote_vm2.qcow2",
            "pool": "default",
            "size": 3758096384,
            "source": "https://cloud-images.ubuntu.com/noble/current/noble-server-cloudimg-amd64.img",
            "xml": []
          },
          "sensitive_attributes": [],
          "private": "bnVsbA=="
        }
      ]
    }
  ],
  "check_results": null
}
